
Microsoft Visual Studio Solution File, Format Version 12.00
# Visual Studio Version 17
VisualStudioVersion = 17.2.32630.192
MinimumVisualStudioVersion = 10.0.40219.1
Project("{9A19103F-16F7-4668-BE54-9A1E7A4F7556}") = "Associative Arrays Demo 1", "Associative Arrays\Associative Arrays Demo 1.csproj", "{636929AF-A625-4813-A6F9-CC30B016D06E}"
EndProject
Project("{9A19103F-16F7-4668-BE54-9A1E7A4F7556}") = "01. Count Real Numbers", "01. Count Real Numbers\01. Count Real Numbers.csproj", "{FD532DE9-F267-4AD7-8A37-91520CB82011}"
EndProject
Project("{9A19103F-16F7-4668-BE54-9A1E7A4F7556}") = "02. Odd Occurences", "02. Odd Occurences\02. Odd Occurences.csproj", "{AC75772A-6BA8-4750-B889-A5BBEC6A2F14}"
EndProject
Project("{9A19103F-16F7-4668-BE54-9A1E7A4F7556}") = "03. Word Synonyms", "03. Word Synonyms\03. Word Synonyms.csproj", "{C556089A-C168-4C49-B31C-9C0424356D55}"
EndProject
Project("{9A19103F-16F7-4668-BE54-9A1E7A4F7556}") = "04. Word Filter", "04. Word Filter\04. Word Filter.csproj", "{85861975-9286-4E62-BE7E-D277E3183B48}"
EndProject
Project("{9A19103F-16F7-4668-BE54-9A1E7A4F7556}") = "Associative Arrays Demo 2", "Associative Arrays Demo 2\Associative Arrays Demo 2.csproj", "{E74A47EC-E1C2-43A5-9273-E2792ACA6DE5}"
EndProject
Project("{2150E333-8FDC-42A3-9474-1A3956D46DE8}") = "01.Lab", "01.Lab", "{2F9FD208-A1E4-4D94-9B35-A9D0DCAA4994}"
EndProject
Project("{2150E333-8FDC-42A3-9474-1A3956D46DE8}") = "02. Exercise", "02. Exercise", "{E46BB04E-39BE-4B3E-8207-F9D348FC5A83}"
EndProject
Project("{9A19103F-16F7-4668-BE54-9A1E7A4F7556}") = "01. Count Chars in a String", "01. Count Chars in a String\01. Count Chars in a String.csproj", "{D9505F2E-3540-4AB5-9EA7-AECAD796E927}"
EndProject
Project("{9A19103F-16F7-4668-BE54-9A1E7A4F7556}") = "02. A Miner Task", "02. A Miner Task\02. A Miner Task.csproj", "{50A36C71-E1BD-4C5B-9418-7B5ED24672ED}"
EndProject
Project("{9A19103F-16F7-4668-BE54-9A1E7A4F7556}") = "03. Orders", "03. Orders\03. Orders.csproj", "{5B441B52-E547-4828-9F41-B3368AF5A199}"
EndProject
Project("{9A19103F-16F7-4668-BE54-9A1E7A4F7556}") = "04. SofUni Parking", "04. SofUni Parking\04. SofUni Parking.csproj", "{2517D819-19E9-4C14-AB23-B9D279C7A56E}"
EndProject
Project("{9A19103F-16F7-4668-BE54-9A1E7A4F7556}") = "05. Courses", "05. Courses\05. Courses.csproj", "{FE2A7A86-4B3B-4161-BA6C-EE6C3737EB2F}"
EndProject
Project("{9A19103F-16F7-4668-BE54-9A1E7A4F7556}") = "06. Student Academy", "06. Student Academuy\06. Student Academy.csproj", "{E5A47822-4F03-4410-AC09-8A0B9C028FC2}"
EndProject
Project("{9A19103F-16F7-4668-BE54-9A1E7A4F7556}") = "07. Company Users", "07. company users\07. Company Users.csproj", "{8D09B945-FBF7-4C15-A893-E33341C2565D}"
EndProject
Project("{2150E333-8FDC-42A3-9474-1A3956D46DE8}") = "03. More Exercises", "03. More Exercises", "{766A9BB8-E1B2-449C-9069-43DD992BC108}"
EndProject
Project("{9A19103F-16F7-4668-BE54-9A1E7A4F7556}") = "01. Ranking", "01. Ranking\01. Ranking.csproj", "{7165AD18-FFFD-4470-8839-34416BBDB02A}"
EndProject
Project("{9A19103F-16F7-4668-BE54-9A1E7A4F7556}") = "04. Snowwhite", "04. Snowwhite\04. Snowwhite.csproj", "{895CEC79-82C6-47C0-8B84-2A66C404CB66}"
EndProject
Global
	GlobalSection(SolutionConfigurationPlatforms) = preSolution
		Debug|Any CPU = Debug|Any CPU
		Release|Any CPU = Release|Any CPU
	EndGlobalSection
	GlobalSection(ProjectConfigurationPlatforms) = postSolution
		{636929AF-A625-4813-A6F9-CC30B016D06E}.Debug|Any CPU.ActiveCfg = Debug|Any CPU
		{636929AF-A625-4813-A6F9-CC30B016D06E}.Debug|Any CPU.Build.0 = Debug|Any CPU
		{636929AF-A625-4813-A6F9-CC30B016D06E}.Release|Any CPU.ActiveCfg = Release|Any CPU
		{636929AF-A625-4813-A6F9-CC30B016D06E}.Release|Any CPU.Build.0 = Release|Any CPU
		{FD532DE9-F267-4AD7-8A37-91520CB82011}.Debug|Any CPU.ActiveCfg = Debug|Any CPU
		{FD532DE9-F267-4AD7-8A37-91520CB82011}.Debug|Any CPU.Build.0 = Debug|Any CPU
		{FD532DE9-F267-4AD7-8A37-91520CB82011}.Release|Any CPU.ActiveCfg = Release|Any CPU
		{FD532DE9-F267-4AD7-8A37-91520CB82011}.Release|Any CPU.Build.0 = Release|Any CPU
		{AC75772A-6BA8-4750-B889-A5BBEC6A2F14}.Debug|Any CPU.ActiveCfg = Debug|Any CPU
		{AC75772A-6BA8-4750-B889-A5BBEC6A2F14}.Debug|Any CPU.Build.0 = Debug|Any CPU
		{AC75772A-6BA8-4750-B889-A5BBEC6A2F14}.Release|Any CPU.ActiveCfg = Release|Any CPU
		{AC75772A-6BA8-4750-B889-A5BBEC6A2F14}.Release|Any CPU.Build.0 = Release|Any CPU
		{C556089A-C168-4C49-B31C-9C0424356D55}.Debug|Any CPU.ActiveCfg = Debug|Any CPU
		{C556089A-C168-4C49-B31C-9C0424356D55}.Debug|Any CPU.Build.0 = Debug|Any CPU
		{C556089A-C168-4C49-B31C-9C0424356D55}.Release|Any CPU.ActiveCfg = Release|Any CPU
		{C556089A-C168-4C49-B31C-9C0424356D55}.Release|Any CPU.Build.0 = Release|Any CPU
		{85861975-9286-4E62-BE7E-D277E3183B48}.Debug|Any CPU.ActiveCfg = Debug|Any CPU
		{85861975-9286-4E62-BE7E-D277E3183B48}.Debug|Any CPU.Build.0 = Debug|Any CPU
		{85861975-9286-4E62-BE7E-D277E3183B48}.Release|Any CPU.ActiveCfg = Release|Any CPU
		{85861975-9286-4E62-BE7E-D277E3183B48}.Release|Any CPU.Build.0 = Release|Any CPU
		{E74A47EC-E1C2-43A5-9273-E2792ACA6DE5}.Debug|Any CPU.ActiveCfg = Debug|Any CPU
		{E74A47EC-E1C2-43A5-9273-E2792ACA6DE5}.Debug|Any CPU.Build.0 = Debug|Any CPU
		{E74A47EC-E1C2-43A5-9273-E2792ACA6DE5}.Release|Any CPU.ActiveCfg = Release|Any CPU
		{E74A47EC-E1C2-43A5-9273-E2792ACA6DE5}.Release|Any CPU.Build.0 = Release|Any CPU
		{D9505F2E-3540-4AB5-9EA7-AECAD796E927}.Debug|Any CPU.ActiveCfg = Debug|Any CPU
		{D9505F2E-3540-4AB5-9EA7-AECAD796E927}.Debug|Any CPU.Build.0 = Debug|Any CPU
		{D9505F2E-3540-4AB5-9EA7-AECAD796E927}.Release|Any CPU.ActiveCfg = Release|Any CPU
		{D9505F2E-3540-4AB5-9EA7-AECAD796E927}.Release|Any CPU.Build.0 = Release|Any CPU
		{50A36C71-E1BD-4C5B-9418-7B5ED24672ED}.Debug|Any CPU.ActiveCfg = Debug|Any CPU
		{50A36C71-E1BD-4C5B-9418-7B5ED24672ED}.Debug|Any CPU.Build.0 = Debug|Any CPU
		{50A36C71-E1BD-4C5B-9418-7B5ED24672ED}.Release|Any CPU.ActiveCfg = Release|Any CPU
		{50A36C71-E1BD-4C5B-9418-7B5ED24672ED}.Release|Any CPU.Build.0 = Release|Any CPU
		{5B441B52-E547-4828-9F41-B3368AF5A199}.Debug|Any CPU.ActiveCfg = Debug|Any CPU
		{5B441B52-E547-4828-9F41-B3368AF5A199}.Debug|Any CPU.Build.0 = Debug|Any CPU
		{5B441B52-E547-4828-9F41-B3368AF5A199}.Release|Any CPU.ActiveCfg = Release|Any CPU
		{5B441B52-E547-4828-9F41-B3368AF5A199}.Release|Any CPU.Build.0 = Release|Any CPU
		{2517D819-19E9-4C14-AB23-B9D279C7A56E}.Debug|Any CPU.ActiveCfg = Debug|Any CPU
		{2517D819-19E9-4C14-AB23-B9D279C7A56E}.Debug|Any CPU.Build.0 = Debug|Any CPU
		{2517D819-19E9-4C14-AB23-B9D279C7A56E}.Release|Any CPU.ActiveCfg = Release|Any CPU
		{2517D819-19E9-4C14-AB23-B9D279C7A56E}.Release|Any CPU.Build.0 = Release|Any CPU
		{FE2A7A86-4B3B-4161-BA6C-EE6C3737EB2F}.Debug|Any CPU.ActiveCfg = Debug|Any CPU
		{FE2A7A86-4B3B-4161-BA6C-EE6C3737EB2F}.Debug|Any CPU.Build.0 = Debug|Any CPU
		{FE2A7A86-4B3B-4161-BA6C-EE6C3737EB2F}.Release|Any CPU.ActiveCfg = Release|Any CPU
		{FE2A7A86-4B3B-4161-BA6C-EE6C3737EB2F}.Release|Any CPU.Build.0 = Release|Any CPU
		{E5A47822-4F03-4410-AC09-8A0B9C028FC2}.Debug|Any CPU.ActiveCfg = Debug|Any CPU
		{E5A47822-4F03-4410-AC09-8A0B9C028FC2}.Debug|Any CPU.Build.0 = Debug|Any CPU
		{E5A47822-4F03-4410-AC09-8A0B9C028FC2}.Release|Any CPU.ActiveCfg = Release|Any CPU
		{E5A47822-4F03-4410-AC09-8A0B9C028FC2}.Release|Any CPU.Build.0 = Release|Any CPU
		{8D09B945-FBF7-4C15-A893-E33341C2565D}.Debug|Any CPU.ActiveCfg = Debug|Any CPU
		{8D09B945-FBF7-4C15-A893-E33341C2565D}.Debug|Any CPU.Build.0 = Debug|Any CPU
		{8D09B945-FBF7-4C15-A893-E33341C2565D}.Release|Any CPU.ActiveCfg = Release|Any CPU
		{8D09B945-FBF7-4C15-A893-E33341C2565D}.Release|Any CPU.Build.0 = Release|Any CPU
		{7165AD18-FFFD-4470-8839-34416BBDB02A}.Debug|Any CPU.ActiveCfg = Debug|Any CPU
		{7165AD18-FFFD-4470-8839-34416BBDB02A}.Debug|Any CPU.Build.0 = Debug|Any CPU
		{7165AD18-FFFD-4470-8839-34416BBDB02A}.Release|Any CPU.ActiveCfg = Release|Any CPU
		{7165AD18-FFFD-4470-8839-34416BBDB02A}.Release|Any CPU.Build.0 = Release|Any CPU
		{895CEC79-82C6-47C0-8B84-2A66C404CB66}.Debug|Any CPU.ActiveCfg = Debug|Any CPU
		{895CEC79-82C6-47C0-8B84-2A66C404CB66}.Debug|Any CPU.Build.0 = Debug|Any CPU
		{895CEC79-82C6-47C0-8B84-2A66C404CB66}.Release|Any CPU.ActiveCfg = Release|Any CPU
		{895CEC79-82C6-47C0-8B84-2A66C404CB66}.Release|Any CPU.Build.0 = Release|Any CPU
	EndGlobalSection
	GlobalSection(SolutionProperties) = preSolution
		HideSolutionNode = FALSE
	EndGlobalSection
	GlobalSection(NestedProjects) = preSolution
		{636929AF-A625-4813-A6F9-CC30B016D06E} = {2F9FD208-A1E4-4D94-9B35-A9D0DCAA4994}
		{FD532DE9-F267-4AD7-8A37-91520CB82011} = {2F9FD208-A1E4-4D94-9B35-A9D0DCAA4994}
		{AC75772A-6BA8-4750-B889-A5BBEC6A2F14} = {2F9FD208-A1E4-4D94-9B35-A9D0DCAA4994}
		{C556089A-C168-4C49-B31C-9C0424356D55} = {2F9FD208-A1E4-4D94-9B35-A9D0DCAA4994}
		{85861975-9286-4E62-BE7E-D277E3183B48} = {2F9FD208-A1E4-4D94-9B35-A9D0DCAA4994}
		{E74A47EC-E1C2-43A5-9273-E2792ACA6DE5} = {2F9FD208-A1E4-4D94-9B35-A9D0DCAA4994}
		{D9505F2E-3540-4AB5-9EA7-AECAD796E927} = {E46BB04E-39BE-4B3E-8207-F9D348FC5A83}
		{50A36C71-E1BD-4C5B-9418-7B5ED24672ED} = {E46BB04E-39BE-4B3E-8207-F9D348FC5A83}
		{5B441B52-E547-4828-9F41-B3368AF5A199} = {E46BB04E-39BE-4B3E-8207-F9D348FC5A83}
		{2517D819-19E9-4C14-AB23-B9D279C7A56E} = {E46BB04E-39BE-4B3E-8207-F9D348FC5A83}
		{FE2A7A86-4B3B-4161-BA6C-EE6C3737EB2F} = {E46BB04E-39BE-4B3E-8207-F9D348FC5A83}
		{E5A47822-4F03-4410-AC09-8A0B9C028FC2} = {E46BB04E-39BE-4B3E-8207-F9D348FC5A83}
		{8D09B945-FBF7-4C15-A893-E33341C2565D} = {E46BB04E-39BE-4B3E-8207-F9D348FC5A83}
		{7165AD18-FFFD-4470-8839-34416BBDB02A} = {766A9BB8-E1B2-449C-9069-43DD992BC108}
		{895CEC79-82C6-47C0-8B84-2A66C404CB66} = {766A9BB8-E1B2-449C-9069-43DD992BC108}
	EndGlobalSection
	GlobalSection(ExtensibilityGlobals) = postSolution
		SolutionGuid = {DA9DB9AF-9CFD-46F2-BB41-7BC6A0BB14DA}
	EndGlobalSection
EndGlobal
