
Microsoft Visual Studio Solution File, Format Version 12.00
# Visual Studio Version 17
VisualStudioVersion = 17.2.32630.192
MinimumVisualStudioVersion = 10.0.40219.1
Project("{9A19103F-16F7-4668-BE54-9A1E7A4F7556}") = "02. Validation Attributes", "02. Validation Attributes\02. Validation Attributes.csproj", "{363546B5-4998-4487-AA5B-84F295928A9B}"
EndProject
Project("{9A19103F-16F7-4668-BE54-9A1E7A4F7556}") = "01. Command Pattern 1", "01. Command Pattern 1\01. Command Pattern 1.csproj", "{BEC0FFB8-0F06-421F-8676-3BD88B700ABE}"
EndProject
Global
	GlobalSection(SolutionConfigurationPlatforms) = preSolution
		Debug|Any CPU = Debug|Any CPU
		Release|Any CPU = Release|Any CPU
	EndGlobalSection
	GlobalSection(ProjectConfigurationPlatforms) = postSolution
		{363546B5-4998-4487-AA5B-84F295928A9B}.Debug|Any CPU.ActiveCfg = Debug|Any CPU
		{363546B5-4998-4487-AA5B-84F295928A9B}.Debug|Any CPU.Build.0 = Debug|Any CPU
		{363546B5-4998-4487-AA5B-84F295928A9B}.Release|Any CPU.ActiveCfg = Release|Any CPU
		{363546B5-4998-4487-AA5B-84F295928A9B}.Release|Any CPU.Build.0 = Release|Any CPU
		{BEC0FFB8-0F06-421F-8676-3BD88B700ABE}.Debug|Any CPU.ActiveCfg = Debug|Any CPU
		{BEC0FFB8-0F06-421F-8676-3BD88B700ABE}.Debug|Any CPU.Build.0 = Debug|Any CPU
		{BEC0FFB8-0F06-421F-8676-3BD88B700ABE}.Release|Any CPU.ActiveCfg = Release|Any CPU
		{BEC0FFB8-0F06-421F-8676-3BD88B700ABE}.Release|Any CPU.Build.0 = Release|Any CPU
	EndGlobalSection
	GlobalSection(SolutionProperties) = preSolution
		HideSolutionNode = FALSE
	EndGlobalSection
	GlobalSection(ExtensibilityGlobals) = postSolution
		SolutionGuid = {99DC4143-1A74-4B1F-B314-5EFBCD9974E5}
	EndGlobalSection
EndGlobal
