
Microsoft Visual Studio Solution File, Format Version 12.00
# Visual Studio Version 17
VisualStudioVersion = 17.2.32630.192
MinimumVisualStudioVersion = 10.0.40219.1
Project("{FAE04EC0-301F-11D3-BF4B-00C04F79EFBC}") = "Design Patterns", "Design Patterns\Design Patterns.csproj", "{1E0F2719-265C-4A39-BA05-11E817927272}"
EndProject
Project("{FAE04EC0-301F-11D3-BF4B-00C04F79EFBC}") = "Singleton Implemention", "Singleton Implemention\Singleton Implemention.csproj", "{8F737544-BEDD-4748-B2F1-3F134F46E4A0}"
EndProject
Global
	GlobalSection(SolutionConfigurationPlatforms) = preSolution
		Debug|Any CPU = Debug|Any CPU
		Release|Any CPU = Release|Any CPU
	EndGlobalSection
	GlobalSection(ProjectConfigurationPlatforms) = postSolution
		{1E0F2719-265C-4A39-BA05-11E817927272}.Debug|Any CPU.ActiveCfg = Debug|Any CPU
		{1E0F2719-265C-4A39-BA05-11E817927272}.Debug|Any CPU.Build.0 = Debug|Any CPU
		{1E0F2719-265C-4A39-BA05-11E817927272}.Release|Any CPU.ActiveCfg = Release|Any CPU
		{1E0F2719-265C-4A39-BA05-11E817927272}.Release|Any CPU.Build.0 = Release|Any CPU
		{8F737544-BEDD-4748-B2F1-3F134F46E4A0}.Debug|Any CPU.ActiveCfg = Debug|Any CPU
		{8F737544-BEDD-4748-B2F1-3F134F46E4A0}.Debug|Any CPU.Build.0 = Debug|Any CPU
		{8F737544-BEDD-4748-B2F1-3F134F46E4A0}.Release|Any CPU.ActiveCfg = Release|Any CPU
		{8F737544-BEDD-4748-B2F1-3F134F46E4A0}.Release|Any CPU.Build.0 = Release|Any CPU
	EndGlobalSection
	GlobalSection(SolutionProperties) = preSolution
		HideSolutionNode = FALSE
	EndGlobalSection
	GlobalSection(ExtensibilityGlobals) = postSolution
		SolutionGuid = {E05F526B-4B18-4F70-B913-926EA8DA462D}
	EndGlobalSection
EndGlobal
