
Microsoft Visual Studio Solution File, Format Version 12.00
# Visual Studio Version 17
VisualStudioVersion = 17.2.32526.322
MinimumVisualStudioVersion = 10.0.40219.1
Project("{9A19103F-16F7-4668-BE54-9A1E7A4F7556}") = "01. Clock", "Nested Loops Lab\01. Clock.csproj", "{AE830A1C-C108-4A6B-9C96-B2A757D527B2}"
EndProject
Project("{FAE04EC0-301F-11D3-BF4B-00C04F79EFBC}") = "02. Multiplication Table", "02. Multiplication Table\02. Multiplication Table.csproj", "{73CDD070-AA47-448E-8FC4-694482E025C6}"
EndProject
Project("{FAE04EC0-301F-11D3-BF4B-00C04F79EFBC}") = "03. combinations", "03. combinations\03. combinations.csproj", "{98C6C5D5-4E7E-4F3F-91A7-D1D208375DA3}"
EndProject
Project("{FAE04EC0-301F-11D3-BF4B-00C04F79EFBC}") = "04. Sum of Two Number", "04. Sum of Two Number\04. Sum of Two Number.csproj", "{88FCDB82-651A-4953-84D3-90556D797D40}"
EndProject
Global
	GlobalSection(SolutionConfigurationPlatforms) = preSolution
		Debug|Any CPU = Debug|Any CPU
		Release|Any CPU = Release|Any CPU
	EndGlobalSection
	GlobalSection(ProjectConfigurationPlatforms) = postSolution
		{AE830A1C-C108-4A6B-9C96-B2A757D527B2}.Debug|Any CPU.ActiveCfg = Debug|Any CPU
		{AE830A1C-C108-4A6B-9C96-B2A757D527B2}.Debug|Any CPU.Build.0 = Debug|Any CPU
		{AE830A1C-C108-4A6B-9C96-B2A757D527B2}.Release|Any CPU.ActiveCfg = Release|Any CPU
		{AE830A1C-C108-4A6B-9C96-B2A757D527B2}.Release|Any CPU.Build.0 = Release|Any CPU
		{73CDD070-AA47-448E-8FC4-694482E025C6}.Debug|Any CPU.ActiveCfg = Debug|Any CPU
		{73CDD070-AA47-448E-8FC4-694482E025C6}.Debug|Any CPU.Build.0 = Debug|Any CPU
		{73CDD070-AA47-448E-8FC4-694482E025C6}.Release|Any CPU.ActiveCfg = Release|Any CPU
		{73CDD070-AA47-448E-8FC4-694482E025C6}.Release|Any CPU.Build.0 = Release|Any CPU
		{98C6C5D5-4E7E-4F3F-91A7-D1D208375DA3}.Debug|Any CPU.ActiveCfg = Debug|Any CPU
		{98C6C5D5-4E7E-4F3F-91A7-D1D208375DA3}.Debug|Any CPU.Build.0 = Debug|Any CPU
		{98C6C5D5-4E7E-4F3F-91A7-D1D208375DA3}.Release|Any CPU.ActiveCfg = Release|Any CPU
		{98C6C5D5-4E7E-4F3F-91A7-D1D208375DA3}.Release|Any CPU.Build.0 = Release|Any CPU
		{88FCDB82-651A-4953-84D3-90556D797D40}.Debug|Any CPU.ActiveCfg = Debug|Any CPU
		{88FCDB82-651A-4953-84D3-90556D797D40}.Debug|Any CPU.Build.0 = Debug|Any CPU
		{88FCDB82-651A-4953-84D3-90556D797D40}.Release|Any CPU.ActiveCfg = Release|Any CPU
		{88FCDB82-651A-4953-84D3-90556D797D40}.Release|Any CPU.Build.0 = Release|Any CPU
	EndGlobalSection
	GlobalSection(SolutionProperties) = preSolution
		HideSolutionNode = FALSE
	EndGlobalSection
	GlobalSection(ExtensibilityGlobals) = postSolution
		SolutionGuid = {66DE9864-F505-4CCE-8623-9ADA2E2FE003}
	EndGlobalSection
EndGlobal
