
Microsoft Visual Studio Solution File, Format Version 12.00
# Visual Studio Version 17
VisualStudioVersion = 17.2.32630.192
MinimumVisualStudioVersion = 10.0.40219.1
Project("{FAE04EC0-301F-11D3-BF4B-00C04F79EFBC}") = "ADO DOTNET Exercise", "ADO DOTNET Exercise\ADO DOTNET Exercise.csproj", "{A195C752-6244-4EEB-AF9B-86DE7D486DFF}"
EndProject
Global
	GlobalSection(SolutionConfigurationPlatforms) = preSolution
		Debug|Any CPU = Debug|Any CPU
		Release|Any CPU = Release|Any CPU
	EndGlobalSection
	GlobalSection(ProjectConfigurationPlatforms) = postSolution
		{A195C752-6244-4EEB-AF9B-86DE7D486DFF}.Debug|Any CPU.ActiveCfg = Debug|Any CPU
		{A195C752-6244-4EEB-AF9B-86DE7D486DFF}.Debug|Any CPU.Build.0 = Debug|Any CPU
		{A195C752-6244-4EEB-AF9B-86DE7D486DFF}.Release|Any CPU.ActiveCfg = Release|Any CPU
		{A195C752-6244-4EEB-AF9B-86DE7D486DFF}.Release|Any CPU.Build.0 = Release|Any CPU
	EndGlobalSection
	GlobalSection(SolutionProperties) = preSolution
		HideSolutionNode = FALSE
	EndGlobalSection
	GlobalSection(ExtensibilityGlobals) = postSolution
		SolutionGuid = {26BDDC2B-271D-4D54-B6FC-6FFBBFE610A1}
	EndGlobalSection
EndGlobal
