
Microsoft Visual Studio Solution File, Format Version 12.00
# Visual Studio Version 17
VisualStudioVersion = 17.2.32630.192
MinimumVisualStudioVersion = 10.0.40219.1
Project("{FAE04EC0-301F-11D3-BF4B-00C04F79EFBC}") = "Unit Testing Exercise", "Unit Testing Exercise\Unit Testing Exercise.csproj", "{A598018C-94FC-40B6-8401-188D054C151C}"
EndProject
Global
	GlobalSection(SolutionConfigurationPlatforms) = preSolution
		Debug|Any CPU = Debug|Any CPU
		Release|Any CPU = Release|Any CPU
	EndGlobalSection
	GlobalSection(ProjectConfigurationPlatforms) = postSolution
		{A598018C-94FC-40B6-8401-188D054C151C}.Debug|Any CPU.ActiveCfg = Debug|Any CPU
		{A598018C-94FC-40B6-8401-188D054C151C}.Debug|Any CPU.Build.0 = Debug|Any CPU
		{A598018C-94FC-40B6-8401-188D054C151C}.Release|Any CPU.ActiveCfg = Release|Any CPU
		{A598018C-94FC-40B6-8401-188D054C151C}.Release|Any CPU.Build.0 = Release|Any CPU
	EndGlobalSection
	GlobalSection(SolutionProperties) = preSolution
		HideSolutionNode = FALSE
	EndGlobalSection
	GlobalSection(ExtensibilityGlobals) = postSolution
		SolutionGuid = {D0A0FC2B-DB21-400F-9501-F0ACF18DCFDA}
	EndGlobalSection
EndGlobal
