
Microsoft Visual Studio Solution File, Format Version 12.00
# Visual Studio Version 17
VisualStudioVersion = 17.2.32630.192
MinimumVisualStudioVersion = 10.0.40219.1
Project("{9A19103F-16F7-4668-BE54-9A1E7A4F7556}") = "01. The Imitation Game", "Fundamentals Final Exam Preparation\01. The Imitation Game.csproj", "{54896A87-93A0-4568-A0FF-C6BB0A8165FC}"
EndProject
Project("{2150E333-8FDC-42A3-9474-1A3956D46DE8}") = "01. Final Exam Retake", "01. Final Exam Retake", "{4C7F6E42-EAAC-4BB6-87E9-B158E7AA8A1C}"
EndProject
Project("{9A19103F-16F7-4668-BE54-9A1E7A4F7556}") = "02. Ad Astra", "02. Ad Astra\02. Ad Astra.csproj", "{726BD3EC-66D3-4532-87AD-30201A02556F}"
EndProject
Project("{9A19103F-16F7-4668-BE54-9A1E7A4F7556}") = "03. The Pianist", "03. The Pianist\03. The Pianist.csproj", "{845E102B-BC15-4C2E-8D22-23002064CFDA}"
EndProject
Project("{2150E333-8FDC-42A3-9474-1A3956D46DE8}") = "02. Final Exam", "02. Final Exam", "{5F1FB710-14BC-4647-88BE-3C5DFFD6B824}"
EndProject
Project("{9A19103F-16F7-4668-BE54-9A1E7A4F7556}") = "01. World Tour", "01. World Tour\01. World Tour.csproj", "{C7229B0C-BF86-4E2D-8B15-C5F05710A973}"
EndProject
Project("{9A19103F-16F7-4668-BE54-9A1E7A4F7556}") = "02. Destination Mapper", "02. Destination Mapper\02. Destination Mapper.csproj", "{B7EF58AF-0E43-4193-A3FC-1095A23BB024}"
EndProject
Project("{9A19103F-16F7-4668-BE54-9A1E7A4F7556}") = "03. Plant Discovery", "03. Plant Discovery\03. Plant Discovery.csproj", "{78B9B4EF-12E8-4CA5-912F-50E4FB4FDC63}"
EndProject
Project("{2150E333-8FDC-42A3-9474-1A3956D46DE8}") = "03. Final Exam Retake", "03. Final Exam Retake", "{3441834D-3BD7-452E-8CA3-EC26948ADE22}"
EndProject
Project("{9A19103F-16F7-4668-BE54-9A1E7A4F7556}") = "01. Secret Chat", "01. Secret Chat\01. Secret Chat.csproj", "{F8EB0755-AAAA-42D5-A93E-B4E285AF1545}"
EndProject
Project("{9A19103F-16F7-4668-BE54-9A1E7A4F7556}") = "02. Mirror Words", "02. Mirror Words\02. Mirror Words.csproj", "{20C54B23-6AD1-4048-9116-344218DDBCC5}"
EndProject
Project("{9A19103F-16F7-4668-BE54-9A1E7A4F7556}") = "03. Need for Speed III 1", "03. Need for Speed III\03. Need for Speed III 1.csproj", "{868EC7F7-DF16-4134-9AA1-695B8629A674}"
EndProject
Project("{2150E333-8FDC-42A3-9474-1A3956D46DE8}") = "04. Final Exam", "04. Final Exam", "{0989627C-965F-4AE5-BEE0-325C5070D339}"
EndProject
Project("{9A19103F-16F7-4668-BE54-9A1E7A4F7556}") = "01. Password Reset", "01. Password Reset\01. Password Reset.csproj", "{75A6D514-03CF-4274-8321-DBA842207C0B}"
EndProject
Project("{9A19103F-16F7-4668-BE54-9A1E7A4F7556}") = "02. Fancy Barcodes", "02. Fancy Barcodes\02. Fancy Barcodes.csproj", "{D059E1BB-05CE-4E02-B40F-563825C7866D}"
EndProject
Project("{9A19103F-16F7-4668-BE54-9A1E7A4F7556}") = "03. Heroes of Code and Logic VII", "03. Heroes of Code and Logic VII\03. Heroes of Code and Logic VII.csproj", "{5BB1F0CE-06E0-4EE0-BE87-87FD7561D921}"
EndProject
Project("{2150E333-8FDC-42A3-9474-1A3956D46DE8}") = "05. Final Exam", "05. Final Exam", "{7433B192-94B6-43B3-8A5D-01CA02FF5FA8}"
EndProject
Project("{9A19103F-16F7-4668-BE54-9A1E7A4F7556}") = "01. Activation Keys", "01. Activation Keys\01. Activation Keys.csproj", "{90B73146-8D64-43AD-B6DB-67C0F5E2B516}"
EndProject
Project("{9A19103F-16F7-4668-BE54-9A1E7A4F7556}") = "02. Emoji Detector", "02. Emoji Detector\02. Emoji Detector.csproj", "{DAED5276-FA54-44A8-9E07-4A7B126B4FE9}"
EndProject
Project("{9A19103F-16F7-4668-BE54-9A1E7A4F7556}") = "03. P!rates", "03. P!rates\03. P!rates.csproj", "{6B7DDAD2-DCAF-4717-B282-1B74F31D2B29}"
EndProject
Global
	GlobalSection(SolutionConfigurationPlatforms) = preSolution
		Debug|Any CPU = Debug|Any CPU
		Release|Any CPU = Release|Any CPU
	EndGlobalSection
	GlobalSection(ProjectConfigurationPlatforms) = postSolution
		{54896A87-93A0-4568-A0FF-C6BB0A8165FC}.Debug|Any CPU.ActiveCfg = Debug|Any CPU
		{54896A87-93A0-4568-A0FF-C6BB0A8165FC}.Debug|Any CPU.Build.0 = Debug|Any CPU
		{54896A87-93A0-4568-A0FF-C6BB0A8165FC}.Release|Any CPU.ActiveCfg = Release|Any CPU
		{54896A87-93A0-4568-A0FF-C6BB0A8165FC}.Release|Any CPU.Build.0 = Release|Any CPU
		{726BD3EC-66D3-4532-87AD-30201A02556F}.Debug|Any CPU.ActiveCfg = Debug|Any CPU
		{726BD3EC-66D3-4532-87AD-30201A02556F}.Debug|Any CPU.Build.0 = Debug|Any CPU
		{726BD3EC-66D3-4532-87AD-30201A02556F}.Release|Any CPU.ActiveCfg = Release|Any CPU
		{726BD3EC-66D3-4532-87AD-30201A02556F}.Release|Any CPU.Build.0 = Release|Any CPU
		{845E102B-BC15-4C2E-8D22-23002064CFDA}.Debug|Any CPU.ActiveCfg = Debug|Any CPU
		{845E102B-BC15-4C2E-8D22-23002064CFDA}.Debug|Any CPU.Build.0 = Debug|Any CPU
		{845E102B-BC15-4C2E-8D22-23002064CFDA}.Release|Any CPU.ActiveCfg = Release|Any CPU
		{845E102B-BC15-4C2E-8D22-23002064CFDA}.Release|Any CPU.Build.0 = Release|Any CPU
		{C7229B0C-BF86-4E2D-8B15-C5F05710A973}.Debug|Any CPU.ActiveCfg = Debug|Any CPU
		{C7229B0C-BF86-4E2D-8B15-C5F05710A973}.Debug|Any CPU.Build.0 = Debug|Any CPU
		{C7229B0C-BF86-4E2D-8B15-C5F05710A973}.Release|Any CPU.ActiveCfg = Release|Any CPU
		{C7229B0C-BF86-4E2D-8B15-C5F05710A973}.Release|Any CPU.Build.0 = Release|Any CPU
		{B7EF58AF-0E43-4193-A3FC-1095A23BB024}.Debug|Any CPU.ActiveCfg = Debug|Any CPU
		{B7EF58AF-0E43-4193-A3FC-1095A23BB024}.Debug|Any CPU.Build.0 = Debug|Any CPU
		{B7EF58AF-0E43-4193-A3FC-1095A23BB024}.Release|Any CPU.ActiveCfg = Release|Any CPU
		{B7EF58AF-0E43-4193-A3FC-1095A23BB024}.Release|Any CPU.Build.0 = Release|Any CPU
		{78B9B4EF-12E8-4CA5-912F-50E4FB4FDC63}.Debug|Any CPU.ActiveCfg = Debug|Any CPU
		{78B9B4EF-12E8-4CA5-912F-50E4FB4FDC63}.Debug|Any CPU.Build.0 = Debug|Any CPU
		{78B9B4EF-12E8-4CA5-912F-50E4FB4FDC63}.Release|Any CPU.ActiveCfg = Release|Any CPU
		{78B9B4EF-12E8-4CA5-912F-50E4FB4FDC63}.Release|Any CPU.Build.0 = Release|Any CPU
		{F8EB0755-AAAA-42D5-A93E-B4E285AF1545}.Debug|Any CPU.ActiveCfg = Debug|Any CPU
		{F8EB0755-AAAA-42D5-A93E-B4E285AF1545}.Debug|Any CPU.Build.0 = Debug|Any CPU
		{F8EB0755-AAAA-42D5-A93E-B4E285AF1545}.Release|Any CPU.ActiveCfg = Release|Any CPU
		{F8EB0755-AAAA-42D5-A93E-B4E285AF1545}.Release|Any CPU.Build.0 = Release|Any CPU
		{20C54B23-6AD1-4048-9116-344218DDBCC5}.Debug|Any CPU.ActiveCfg = Debug|Any CPU
		{20C54B23-6AD1-4048-9116-344218DDBCC5}.Debug|Any CPU.Build.0 = Debug|Any CPU
		{20C54B23-6AD1-4048-9116-344218DDBCC5}.Release|Any CPU.ActiveCfg = Release|Any CPU
		{20C54B23-6AD1-4048-9116-344218DDBCC5}.Release|Any CPU.Build.0 = Release|Any CPU
		{868EC7F7-DF16-4134-9AA1-695B8629A674}.Debug|Any CPU.ActiveCfg = Debug|Any CPU
		{868EC7F7-DF16-4134-9AA1-695B8629A674}.Debug|Any CPU.Build.0 = Debug|Any CPU
		{868EC7F7-DF16-4134-9AA1-695B8629A674}.Release|Any CPU.ActiveCfg = Release|Any CPU
		{868EC7F7-DF16-4134-9AA1-695B8629A674}.Release|Any CPU.Build.0 = Release|Any CPU
		{75A6D514-03CF-4274-8321-DBA842207C0B}.Debug|Any CPU.ActiveCfg = Debug|Any CPU
		{75A6D514-03CF-4274-8321-DBA842207C0B}.Debug|Any CPU.Build.0 = Debug|Any CPU
		{75A6D514-03CF-4274-8321-DBA842207C0B}.Release|Any CPU.ActiveCfg = Release|Any CPU
		{75A6D514-03CF-4274-8321-DBA842207C0B}.Release|Any CPU.Build.0 = Release|Any CPU
		{D059E1BB-05CE-4E02-B40F-563825C7866D}.Debug|Any CPU.ActiveCfg = Debug|Any CPU
		{D059E1BB-05CE-4E02-B40F-563825C7866D}.Debug|Any CPU.Build.0 = Debug|Any CPU
		{D059E1BB-05CE-4E02-B40F-563825C7866D}.Release|Any CPU.ActiveCfg = Release|Any CPU
		{D059E1BB-05CE-4E02-B40F-563825C7866D}.Release|Any CPU.Build.0 = Release|Any CPU
		{5BB1F0CE-06E0-4EE0-BE87-87FD7561D921}.Debug|Any CPU.ActiveCfg = Debug|Any CPU
		{5BB1F0CE-06E0-4EE0-BE87-87FD7561D921}.Debug|Any CPU.Build.0 = Debug|Any CPU
		{5BB1F0CE-06E0-4EE0-BE87-87FD7561D921}.Release|Any CPU.ActiveCfg = Release|Any CPU
		{5BB1F0CE-06E0-4EE0-BE87-87FD7561D921}.Release|Any CPU.Build.0 = Release|Any CPU
		{90B73146-8D64-43AD-B6DB-67C0F5E2B516}.Debug|Any CPU.ActiveCfg = Debug|Any CPU
		{90B73146-8D64-43AD-B6DB-67C0F5E2B516}.Debug|Any CPU.Build.0 = Debug|Any CPU
		{90B73146-8D64-43AD-B6DB-67C0F5E2B516}.Release|Any CPU.ActiveCfg = Release|Any CPU
		{90B73146-8D64-43AD-B6DB-67C0F5E2B516}.Release|Any CPU.Build.0 = Release|Any CPU
		{DAED5276-FA54-44A8-9E07-4A7B126B4FE9}.Debug|Any CPU.ActiveCfg = Debug|Any CPU
		{DAED5276-FA54-44A8-9E07-4A7B126B4FE9}.Debug|Any CPU.Build.0 = Debug|Any CPU
		{DAED5276-FA54-44A8-9E07-4A7B126B4FE9}.Release|Any CPU.ActiveCfg = Release|Any CPU
		{DAED5276-FA54-44A8-9E07-4A7B126B4FE9}.Release|Any CPU.Build.0 = Release|Any CPU
		{6B7DDAD2-DCAF-4717-B282-1B74F31D2B29}.Debug|Any CPU.ActiveCfg = Debug|Any CPU
		{6B7DDAD2-DCAF-4717-B282-1B74F31D2B29}.Debug|Any CPU.Build.0 = Debug|Any CPU
		{6B7DDAD2-DCAF-4717-B282-1B74F31D2B29}.Release|Any CPU.ActiveCfg = Release|Any CPU
		{6B7DDAD2-DCAF-4717-B282-1B74F31D2B29}.Release|Any CPU.Build.0 = Release|Any CPU
	EndGlobalSection
	GlobalSection(SolutionProperties) = preSolution
		HideSolutionNode = FALSE
	EndGlobalSection
	GlobalSection(NestedProjects) = preSolution
		{54896A87-93A0-4568-A0FF-C6BB0A8165FC} = {4C7F6E42-EAAC-4BB6-87E9-B158E7AA8A1C}
		{726BD3EC-66D3-4532-87AD-30201A02556F} = {4C7F6E42-EAAC-4BB6-87E9-B158E7AA8A1C}
		{845E102B-BC15-4C2E-8D22-23002064CFDA} = {4C7F6E42-EAAC-4BB6-87E9-B158E7AA8A1C}
		{C7229B0C-BF86-4E2D-8B15-C5F05710A973} = {5F1FB710-14BC-4647-88BE-3C5DFFD6B824}
		{B7EF58AF-0E43-4193-A3FC-1095A23BB024} = {5F1FB710-14BC-4647-88BE-3C5DFFD6B824}
		{78B9B4EF-12E8-4CA5-912F-50E4FB4FDC63} = {5F1FB710-14BC-4647-88BE-3C5DFFD6B824}
		{F8EB0755-AAAA-42D5-A93E-B4E285AF1545} = {3441834D-3BD7-452E-8CA3-EC26948ADE22}
		{20C54B23-6AD1-4048-9116-344218DDBCC5} = {3441834D-3BD7-452E-8CA3-EC26948ADE22}
		{868EC7F7-DF16-4134-9AA1-695B8629A674} = {3441834D-3BD7-452E-8CA3-EC26948ADE22}
		{75A6D514-03CF-4274-8321-DBA842207C0B} = {0989627C-965F-4AE5-BEE0-325C5070D339}
		{D059E1BB-05CE-4E02-B40F-563825C7866D} = {0989627C-965F-4AE5-BEE0-325C5070D339}
		{5BB1F0CE-06E0-4EE0-BE87-87FD7561D921} = {0989627C-965F-4AE5-BEE0-325C5070D339}
		{90B73146-8D64-43AD-B6DB-67C0F5E2B516} = {7433B192-94B6-43B3-8A5D-01CA02FF5FA8}
		{DAED5276-FA54-44A8-9E07-4A7B126B4FE9} = {7433B192-94B6-43B3-8A5D-01CA02FF5FA8}
		{6B7DDAD2-DCAF-4717-B282-1B74F31D2B29} = {7433B192-94B6-43B3-8A5D-01CA02FF5FA8}
	EndGlobalSection
	GlobalSection(ExtensibilityGlobals) = postSolution
		SolutionGuid = {6B30182D-9870-45BF-8DBD-FA00E764860B}
	EndGlobalSection
EndGlobal
