
Microsoft Visual Studio Solution File, Format Version 12.00
# Visual Studio Version 17
VisualStudioVersion = 17.2.32526.322
MinimumVisualStudioVersion = 10.0.40219.1
Project("{9A19103F-16F7-4668-BE54-9A1E7A4F7556}") = "01. Numbers Ending in 7", "For Loops Exercise\01. Numbers Ending in 7.csproj", "{202C4731-64D2-4FE4-A22F-E3A9B6DC4C4A}"
EndProject
Project("{9A19103F-16F7-4668-BE54-9A1E7A4F7556}") = "02. Half Sum Element", "02. Half Sum Element\02. Half Sum Element.csproj", "{80F571A2-2E7F-4530-9E0E-DFFB00B7975E}"
EndProject
Project("{9A19103F-16F7-4668-BE54-9A1E7A4F7556}") = "03. Histogram", "03. Histogram\03. Histogram.csproj", "{DC317B33-8F43-451B-A731-34C54343A6F2}"
EndProject
Project("{9A19103F-16F7-4668-BE54-9A1E7A4F7556}") = "04. Clever Lily", "04. Clever Lily\04. Clever Lily.csproj", "{23C16E3A-93A4-4C4B-8FFF-B7507C25B7A1}"
EndProject
Project("{9A19103F-16F7-4668-BE54-9A1E7A4F7556}") = "05. Salary", "05. Salary\05. Salary.csproj", "{CFF5D410-D679-42CF-99B4-D69B10D21ACC}"
EndProject
Project("{9A19103F-16F7-4668-BE54-9A1E7A4F7556}") = "06. Oscars", "06. Oscars\06. Oscars.csproj", "{E780F7BD-BFAA-403D-B581-E6578186E62C}"
EndProject
Project("{9A19103F-16F7-4668-BE54-9A1E7A4F7556}") = "07. Trekking Mania", "07. Trekking Mania\07. Trekking Mania.csproj", "{13B9D56E-E8D3-4156-8D9B-2D68877D00C5}"
EndProject
Project("{FAE04EC0-301F-11D3-BF4B-00C04F79EFBC}") = "08. Tennis Ranklist", "08. Tennis Ranklist\08. Tennis Ranklist.csproj", "{64C126D3-045B-40F4-9F38-7E83452CAA9B}"
EndProject
Global
	GlobalSection(SolutionConfigurationPlatforms) = preSolution
		Debug|Any CPU = Debug|Any CPU
		Release|Any CPU = Release|Any CPU
	EndGlobalSection
	GlobalSection(ProjectConfigurationPlatforms) = postSolution
		{202C4731-64D2-4FE4-A22F-E3A9B6DC4C4A}.Debug|Any CPU.ActiveCfg = Debug|Any CPU
		{202C4731-64D2-4FE4-A22F-E3A9B6DC4C4A}.Debug|Any CPU.Build.0 = Debug|Any CPU
		{202C4731-64D2-4FE4-A22F-E3A9B6DC4C4A}.Release|Any CPU.ActiveCfg = Release|Any CPU
		{202C4731-64D2-4FE4-A22F-E3A9B6DC4C4A}.Release|Any CPU.Build.0 = Release|Any CPU
		{80F571A2-2E7F-4530-9E0E-DFFB00B7975E}.Debug|Any CPU.ActiveCfg = Debug|Any CPU
		{80F571A2-2E7F-4530-9E0E-DFFB00B7975E}.Debug|Any CPU.Build.0 = Debug|Any CPU
		{80F571A2-2E7F-4530-9E0E-DFFB00B7975E}.Release|Any CPU.ActiveCfg = Release|Any CPU
		{80F571A2-2E7F-4530-9E0E-DFFB00B7975E}.Release|Any CPU.Build.0 = Release|Any CPU
		{DC317B33-8F43-451B-A731-34C54343A6F2}.Debug|Any CPU.ActiveCfg = Debug|Any CPU
		{DC317B33-8F43-451B-A731-34C54343A6F2}.Debug|Any CPU.Build.0 = Debug|Any CPU
		{DC317B33-8F43-451B-A731-34C54343A6F2}.Release|Any CPU.ActiveCfg = Release|Any CPU
		{DC317B33-8F43-451B-A731-34C54343A6F2}.Release|Any CPU.Build.0 = Release|Any CPU
		{23C16E3A-93A4-4C4B-8FFF-B7507C25B7A1}.Debug|Any CPU.ActiveCfg = Debug|Any CPU
		{23C16E3A-93A4-4C4B-8FFF-B7507C25B7A1}.Debug|Any CPU.Build.0 = Debug|Any CPU
		{23C16E3A-93A4-4C4B-8FFF-B7507C25B7A1}.Release|Any CPU.ActiveCfg = Release|Any CPU
		{23C16E3A-93A4-4C4B-8FFF-B7507C25B7A1}.Release|Any CPU.Build.0 = Release|Any CPU
		{CFF5D410-D679-42CF-99B4-D69B10D21ACC}.Debug|Any CPU.ActiveCfg = Debug|Any CPU
		{CFF5D410-D679-42CF-99B4-D69B10D21ACC}.Debug|Any CPU.Build.0 = Debug|Any CPU
		{CFF5D410-D679-42CF-99B4-D69B10D21ACC}.Release|Any CPU.ActiveCfg = Release|Any CPU
		{CFF5D410-D679-42CF-99B4-D69B10D21ACC}.Release|Any CPU.Build.0 = Release|Any CPU
		{E780F7BD-BFAA-403D-B581-E6578186E62C}.Debug|Any CPU.ActiveCfg = Debug|Any CPU
		{E780F7BD-BFAA-403D-B581-E6578186E62C}.Debug|Any CPU.Build.0 = Debug|Any CPU
		{E780F7BD-BFAA-403D-B581-E6578186E62C}.Release|Any CPU.ActiveCfg = Release|Any CPU
		{E780F7BD-BFAA-403D-B581-E6578186E62C}.Release|Any CPU.Build.0 = Release|Any CPU
		{13B9D56E-E8D3-4156-8D9B-2D68877D00C5}.Debug|Any CPU.ActiveCfg = Debug|Any CPU
		{13B9D56E-E8D3-4156-8D9B-2D68877D00C5}.Debug|Any CPU.Build.0 = Debug|Any CPU
		{13B9D56E-E8D3-4156-8D9B-2D68877D00C5}.Release|Any CPU.ActiveCfg = Release|Any CPU
		{13B9D56E-E8D3-4156-8D9B-2D68877D00C5}.Release|Any CPU.Build.0 = Release|Any CPU
		{64C126D3-045B-40F4-9F38-7E83452CAA9B}.Debug|Any CPU.ActiveCfg = Debug|Any CPU
		{64C126D3-045B-40F4-9F38-7E83452CAA9B}.Debug|Any CPU.Build.0 = Debug|Any CPU
		{64C126D3-045B-40F4-9F38-7E83452CAA9B}.Release|Any CPU.ActiveCfg = Release|Any CPU
		{64C126D3-045B-40F4-9F38-7E83452CAA9B}.Release|Any CPU.Build.0 = Release|Any CPU
	EndGlobalSection
	GlobalSection(SolutionProperties) = preSolution
		HideSolutionNode = FALSE
	EndGlobalSection
	GlobalSection(ExtensibilityGlobals) = postSolution
		SolutionGuid = {E537D22F-4DF6-488D-B043-F533485D5D75}
	EndGlobalSection
EndGlobal
