
Microsoft Visual Studio Solution File, Format Version 12.00
# Visual Studio Version 17
VisualStudioVersion = 17.2.32630.192
MinimumVisualStudioVersion = 10.0.40219.1
Project("{FAE04EC0-301F-11D3-BF4B-00C04F79EFBC}") = "Encapsulation Lab", "Encapsulation Lab\Encapsulation Lab.csproj", "{E90BCBC0-0C48-453F-A6BB-C9ADD9F539CE}"
EndProject
Global
	GlobalSection(SolutionConfigurationPlatforms) = preSolution
		Debug|Any CPU = Debug|Any CPU
		Release|Any CPU = Release|Any CPU
	EndGlobalSection
	GlobalSection(ProjectConfigurationPlatforms) = postSolution
		{E90BCBC0-0C48-453F-A6BB-C9ADD9F539CE}.Debug|Any CPU.ActiveCfg = Debug|Any CPU
		{E90BCBC0-0C48-453F-A6BB-C9ADD9F539CE}.Debug|Any CPU.Build.0 = Debug|Any CPU
		{E90BCBC0-0C48-453F-A6BB-C9ADD9F539CE}.Release|Any CPU.ActiveCfg = Release|Any CPU
		{E90BCBC0-0C48-453F-A6BB-C9ADD9F539CE}.Release|Any CPU.Build.0 = Release|Any CPU
	EndGlobalSection
	GlobalSection(SolutionProperties) = preSolution
		HideSolutionNode = FALSE
	EndGlobalSection
	GlobalSection(ExtensibilityGlobals) = postSolution
		SolutionGuid = {8574B390-DE86-40B9-877D-728142ADBF4A}
	EndGlobalSection
EndGlobal
