
Microsoft Visual Studio Solution File, Format Version 12.00
# Visual Studio Version 17
VisualStudioVersion = 17.2.32630.192
MinimumVisualStudioVersion = 10.0.40219.1
Project("{FAE04EC0-301F-11D3-BF4B-00C04F79EFBC}") = "Demo", "Sets and Dictionaries Advanced\Demo.csproj", "{85C8A765-8016-43E2-8947-6A238406D925}"
EndProject
Project("{FAE04EC0-301F-11D3-BF4B-00C04F79EFBC}") = "01. Count Same Values in Array", "01. Count Same Values in Array\01. Count Same Values in Array.csproj", "{7D85FAEE-7E29-4756-AC2F-1386C765C746}"
EndProject
Project("{FAE04EC0-301F-11D3-BF4B-00C04F79EFBC}") = "02. Average Student Grades", "02. Average Student Grafes\02. Average Student Grades.csproj", "{24A371D3-3C61-4273-BDF3-A5E54EAC7540}"
EndProject
Project("{FAE04EC0-301F-11D3-BF4B-00C04F79EFBC}") = "03. Largest 3 Numbers", "03. Largest 3 Numbers\03. Largest 3 Numbers.csproj", "{6F9FA98F-0F17-4402-9C85-7BD0986F4F4D}"
EndProject
Project("{FAE04EC0-301F-11D3-BF4B-00C04F79EFBC}") = "04. Product Shop", "04. Product Shop\04. Product Shop.csproj", "{7DDF78B6-6B65-49FB-9CD0-2430F75AFD55}"
EndProject
Project("{FAE04EC0-301F-11D3-BF4B-00C04F79EFBC}") = "HashSet Demo", "HashSet Demo\HashSet Demo.csproj", "{5608B649-6FC1-46A8-83F0-2CF40ED87DF1}"
EndProject
Project("{FAE04EC0-301F-11D3-BF4B-00C04F79EFBC}") = "05. Print Unique Names", "05. Print Unique Names\05. Print Unique Names.csproj", "{C6A46352-2F97-43D4-ABAA-B30E79AE0118}"
EndProject
Project("{FAE04EC0-301F-11D3-BF4B-00C04F79EFBC}") = "06. Recorn Unique Names", "06. Recorn Unique Names\06. Recorn Unique Names.csproj", "{8BDC2D00-2CA7-4EF4-81A9-1D63A6B7E9F6}"
EndProject
Project("{FAE04EC0-301F-11D3-BF4B-00C04F79EFBC}") = "07. Parking Lot", "07. Parking Lot\07. Parking Lot.csproj", "{A2087EAD-5F22-4826-B7E1-14AD1B02C2BF}"
EndProject
Project("{FAE04EC0-301F-11D3-BF4B-00C04F79EFBC}") = "08. SoftUni Party", "08. SoftUni Party\08. SoftUni Party.csproj", "{70F21435-F349-449C-ACCD-1263195D2325}"
EndProject
Project("{2150E333-8FDC-42A3-9474-1A3956D46DE8}") = "01. Lab", "01. Lab", "{9D194848-CA05-4511-B411-40F925525E4E}"
EndProject
Global
	GlobalSection(SolutionConfigurationPlatforms) = preSolution
		Debug|Any CPU = Debug|Any CPU
		Release|Any CPU = Release|Any CPU
	EndGlobalSection
	GlobalSection(ProjectConfigurationPlatforms) = postSolution
		{85C8A765-8016-43E2-8947-6A238406D925}.Debug|Any CPU.ActiveCfg = Debug|Any CPU
		{85C8A765-8016-43E2-8947-6A238406D925}.Debug|Any CPU.Build.0 = Debug|Any CPU
		{85C8A765-8016-43E2-8947-6A238406D925}.Release|Any CPU.ActiveCfg = Release|Any CPU
		{85C8A765-8016-43E2-8947-6A238406D925}.Release|Any CPU.Build.0 = Release|Any CPU
		{7D85FAEE-7E29-4756-AC2F-1386C765C746}.Debug|Any CPU.ActiveCfg = Debug|Any CPU
		{7D85FAEE-7E29-4756-AC2F-1386C765C746}.Debug|Any CPU.Build.0 = Debug|Any CPU
		{7D85FAEE-7E29-4756-AC2F-1386C765C746}.Release|Any CPU.ActiveCfg = Release|Any CPU
		{7D85FAEE-7E29-4756-AC2F-1386C765C746}.Release|Any CPU.Build.0 = Release|Any CPU
		{24A371D3-3C61-4273-BDF3-A5E54EAC7540}.Debug|Any CPU.ActiveCfg = Debug|Any CPU
		{24A371D3-3C61-4273-BDF3-A5E54EAC7540}.Debug|Any CPU.Build.0 = Debug|Any CPU
		{24A371D3-3C61-4273-BDF3-A5E54EAC7540}.Release|Any CPU.ActiveCfg = Release|Any CPU
		{24A371D3-3C61-4273-BDF3-A5E54EAC7540}.Release|Any CPU.Build.0 = Release|Any CPU
		{6F9FA98F-0F17-4402-9C85-7BD0986F4F4D}.Debug|Any CPU.ActiveCfg = Debug|Any CPU
		{6F9FA98F-0F17-4402-9C85-7BD0986F4F4D}.Debug|Any CPU.Build.0 = Debug|Any CPU
		{6F9FA98F-0F17-4402-9C85-7BD0986F4F4D}.Release|Any CPU.ActiveCfg = Release|Any CPU
		{6F9FA98F-0F17-4402-9C85-7BD0986F4F4D}.Release|Any CPU.Build.0 = Release|Any CPU
		{7DDF78B6-6B65-49FB-9CD0-2430F75AFD55}.Debug|Any CPU.ActiveCfg = Debug|Any CPU
		{7DDF78B6-6B65-49FB-9CD0-2430F75AFD55}.Debug|Any CPU.Build.0 = Debug|Any CPU
		{7DDF78B6-6B65-49FB-9CD0-2430F75AFD55}.Release|Any CPU.ActiveCfg = Release|Any CPU
		{7DDF78B6-6B65-49FB-9CD0-2430F75AFD55}.Release|Any CPU.Build.0 = Release|Any CPU
		{5608B649-6FC1-46A8-83F0-2CF40ED87DF1}.Debug|Any CPU.ActiveCfg = Debug|Any CPU
		{5608B649-6FC1-46A8-83F0-2CF40ED87DF1}.Debug|Any CPU.Build.0 = Debug|Any CPU
		{5608B649-6FC1-46A8-83F0-2CF40ED87DF1}.Release|Any CPU.ActiveCfg = Release|Any CPU
		{5608B649-6FC1-46A8-83F0-2CF40ED87DF1}.Release|Any CPU.Build.0 = Release|Any CPU
		{C6A46352-2F97-43D4-ABAA-B30E79AE0118}.Debug|Any CPU.ActiveCfg = Debug|Any CPU
		{C6A46352-2F97-43D4-ABAA-B30E79AE0118}.Debug|Any CPU.Build.0 = Debug|Any CPU
		{C6A46352-2F97-43D4-ABAA-B30E79AE0118}.Release|Any CPU.ActiveCfg = Release|Any CPU
		{C6A46352-2F97-43D4-ABAA-B30E79AE0118}.Release|Any CPU.Build.0 = Release|Any CPU
		{8BDC2D00-2CA7-4EF4-81A9-1D63A6B7E9F6}.Debug|Any CPU.ActiveCfg = Debug|Any CPU
		{8BDC2D00-2CA7-4EF4-81A9-1D63A6B7E9F6}.Debug|Any CPU.Build.0 = Debug|Any CPU
		{8BDC2D00-2CA7-4EF4-81A9-1D63A6B7E9F6}.Release|Any CPU.ActiveCfg = Release|Any CPU
		{8BDC2D00-2CA7-4EF4-81A9-1D63A6B7E9F6}.Release|Any CPU.Build.0 = Release|Any CPU
		{A2087EAD-5F22-4826-B7E1-14AD1B02C2BF}.Debug|Any CPU.ActiveCfg = Debug|Any CPU
		{A2087EAD-5F22-4826-B7E1-14AD1B02C2BF}.Debug|Any CPU.Build.0 = Debug|Any CPU
		{A2087EAD-5F22-4826-B7E1-14AD1B02C2BF}.Release|Any CPU.ActiveCfg = Release|Any CPU
		{A2087EAD-5F22-4826-B7E1-14AD1B02C2BF}.Release|Any CPU.Build.0 = Release|Any CPU
		{70F21435-F349-449C-ACCD-1263195D2325}.Debug|Any CPU.ActiveCfg = Debug|Any CPU
		{70F21435-F349-449C-ACCD-1263195D2325}.Debug|Any CPU.Build.0 = Debug|Any CPU
		{70F21435-F349-449C-ACCD-1263195D2325}.Release|Any CPU.ActiveCfg = Release|Any CPU
		{70F21435-F349-449C-ACCD-1263195D2325}.Release|Any CPU.Build.0 = Release|Any CPU
	EndGlobalSection
	GlobalSection(SolutionProperties) = preSolution
		HideSolutionNode = FALSE
	EndGlobalSection
	GlobalSection(NestedProjects) = preSolution
		{85C8A765-8016-43E2-8947-6A238406D925} = {9D194848-CA05-4511-B411-40F925525E4E}
		{7D85FAEE-7E29-4756-AC2F-1386C765C746} = {9D194848-CA05-4511-B411-40F925525E4E}
		{24A371D3-3C61-4273-BDF3-A5E54EAC7540} = {9D194848-CA05-4511-B411-40F925525E4E}
		{6F9FA98F-0F17-4402-9C85-7BD0986F4F4D} = {9D194848-CA05-4511-B411-40F925525E4E}
		{7DDF78B6-6B65-49FB-9CD0-2430F75AFD55} = {9D194848-CA05-4511-B411-40F925525E4E}
		{5608B649-6FC1-46A8-83F0-2CF40ED87DF1} = {9D194848-CA05-4511-B411-40F925525E4E}
		{C6A46352-2F97-43D4-ABAA-B30E79AE0118} = {9D194848-CA05-4511-B411-40F925525E4E}
		{8BDC2D00-2CA7-4EF4-81A9-1D63A6B7E9F6} = {9D194848-CA05-4511-B411-40F925525E4E}
		{A2087EAD-5F22-4826-B7E1-14AD1B02C2BF} = {9D194848-CA05-4511-B411-40F925525E4E}
		{70F21435-F349-449C-ACCD-1263195D2325} = {9D194848-CA05-4511-B411-40F925525E4E}
	EndGlobalSection
	GlobalSection(ExtensibilityGlobals) = postSolution
		SolutionGuid = {EF6F149D-A1EE-4F22-93A5-2A8D64B23345}
	EndGlobalSection
EndGlobal
