
Microsoft Visual Studio Solution File, Format Version 12.00
# Visual Studio Version 17
VisualStudioVersion = 17.2.32630.192
MinimumVisualStudioVersion = 10.0.40219.1
Project("{FAE04EC0-301F-11D3-BF4B-00C04F79EFBC}") = "01.Masterchef", "01.Masterchef\01.Masterchef.csproj", "{8E0878D1-A322-4CAB-93E4-DE03C40A33A3}"
EndProject
Project("{FAE04EC0-301F-11D3-BF4B-00C04F79EFBC}") = "02.Survivor", "02.Survivor\02.Survivor.csproj", "{2362EFD6-81FD-45B3-82AB-AD71AE0335E9}"
EndProject
Project("{FAE04EC0-301F-11D3-BF4B-00C04F79EFBC}") = "03. Ski Rental", "03. Ski Rental\03. Ski Rental.csproj", "{E2B0D7B6-F4DE-408F-AFC9-6A4DFF208629}"
EndProject
Global
	GlobalSection(SolutionConfigurationPlatforms) = preSolution
		Debug|Any CPU = Debug|Any CPU
		Release|Any CPU = Release|Any CPU
	EndGlobalSection
	GlobalSection(ProjectConfigurationPlatforms) = postSolution
		{8E0878D1-A322-4CAB-93E4-DE03C40A33A3}.Debug|Any CPU.ActiveCfg = Debug|Any CPU
		{8E0878D1-A322-4CAB-93E4-DE03C40A33A3}.Debug|Any CPU.Build.0 = Debug|Any CPU
		{8E0878D1-A322-4CAB-93E4-DE03C40A33A3}.Release|Any CPU.ActiveCfg = Release|Any CPU
		{8E0878D1-A322-4CAB-93E4-DE03C40A33A3}.Release|Any CPU.Build.0 = Release|Any CPU
		{2362EFD6-81FD-45B3-82AB-AD71AE0335E9}.Debug|Any CPU.ActiveCfg = Debug|Any CPU
		{2362EFD6-81FD-45B3-82AB-AD71AE0335E9}.Debug|Any CPU.Build.0 = Debug|Any CPU
		{2362EFD6-81FD-45B3-82AB-AD71AE0335E9}.Release|Any CPU.ActiveCfg = Release|Any CPU
		{2362EFD6-81FD-45B3-82AB-AD71AE0335E9}.Release|Any CPU.Build.0 = Release|Any CPU
		{E2B0D7B6-F4DE-408F-AFC9-6A4DFF208629}.Debug|Any CPU.ActiveCfg = Debug|Any CPU
		{E2B0D7B6-F4DE-408F-AFC9-6A4DFF208629}.Debug|Any CPU.Build.0 = Debug|Any CPU
		{E2B0D7B6-F4DE-408F-AFC9-6A4DFF208629}.Release|Any CPU.ActiveCfg = Release|Any CPU
		{E2B0D7B6-F4DE-408F-AFC9-6A4DFF208629}.Release|Any CPU.Build.0 = Release|Any CPU
	EndGlobalSection
	GlobalSection(SolutionProperties) = preSolution
		HideSolutionNode = FALSE
	EndGlobalSection
	GlobalSection(ExtensibilityGlobals) = postSolution
		SolutionGuid = {C93F0B0B-C4C4-4562-A094-E98D77D738FE}
	EndGlobalSection
EndGlobal
