
Microsoft Visual Studio Solution File, Format Version 12.00
# Visual Studio Version 17
VisualStudioVersion = 17.2.32630.192
MinimumVisualStudioVersion = 10.0.40219.1
Project("{9A19103F-16F7-4668-BE54-9A1E7A4F7556}") = "01. Computer Store", "Mid Exam Preparation\01. Computer Store.csproj", "{0326520B-CB20-48D1-856D-5ECE4A3CD20A}"
EndProject
Project("{9A19103F-16F7-4668-BE54-9A1E7A4F7556}") = "02. Shoot for the Win", "array Exercise\02. Shoot for the Win.csproj", "{65288720-1BD9-4E8E-8AC0-C2AA89CC26EF}"
EndProject
Project("{9A19103F-16F7-4668-BE54-9A1E7A4F7556}") = "03. Memory Game", "03. Memory Game\03. Memory Game.csproj", "{9890E0BC-06A6-4A42-9AF5-1823EA5C4241}"
EndProject
Project("{9A19103F-16F7-4668-BE54-9A1E7A4F7556}") = "02. The Lift", "02.1 The Lift\02. The Lift.csproj", "{47B98617-63B9-45F7-87AB-D550F4E867AE}"
EndProject
Project("{9A19103F-16F7-4668-BE54-9A1E7A4F7556}") = "03. Man-O-War", "03.1 Man-O-War\03. Man-O-War.csproj", "{82C7C258-F3E8-4AD4-B144-FAA31BBA8259}"
EndProject
Project("{9A19103F-16F7-4668-BE54-9A1E7A4F7556}") = "02. Mu Onliner", "02.2 Mu Online\02. Mu Onliner.csproj", "{2CF484B5-2F4B-40D9-9BD0-E57212606764}"
EndProject
Project("{9A19103F-16F7-4668-BE54-9A1E7A4F7556}") = "03. Inventory", "03.2 Inventory\03. Inventory.csproj", "{3D5A3B56-8109-4A53-8BDB-D3884741A46E}"
EndProject
Project("{9A19103F-16F7-4668-BE54-9A1E7A4F7556}") = "03. Moving Target(Unfinished)", "03.3 Moving Target\03. Moving Target(Unfinished).csproj", "{2A696293-11FA-4360-B998-E51A97EC18A7}"
EndProject
Project("{9A19103F-16F7-4668-BE54-9A1E7A4F7556}") = "01. Guinea Pig", "01. Guinea Pig\01. Guinea Pig.csproj", "{ED3867FF-C62D-4896-9F00-93F5B1F43149}"
EndProject
Project("{9A19103F-16F7-4668-BE54-9A1E7A4F7556}") = "02. Shopping List", "02. Shopping List\02. Shopping List.csproj", "{B5D79DCC-59D7-4BCC-90C8-94556EB43040}"
EndProject
Project("{9A19103F-16F7-4668-BE54-9A1E7A4F7556}") = "03. Heart Delivery(Unfinished)", "03. Heart Delivery\03. Heart Delivery(Unfinished).csproj", "{896B7BC3-F50D-408E-9E55-5ED554F474B6}"
EndProject
Project("{9A19103F-16F7-4668-BE54-9A1E7A4F7556}") = "02. Array Modifier", "02. Array Modifier\02. Array Modifier.csproj", "{38D6836C-01C6-4988-A2C0-E09A8129A982}"
EndProject
Project("{9A19103F-16F7-4668-BE54-9A1E7A4F7556}") = "03. Numbers", "03. Numbers\03. Numbers.csproj", "{B1D7CBE2-6E08-4B72-9AE5-E54295F8C464}"
EndProject
Project("{9A19103F-16F7-4668-BE54-9A1E7A4F7556}") = "02. Treasure Hunt", "02. Treasure Hunt\02. Treasure Hunt.csproj", "{8670FFBB-5DA5-4FA7-9C05-F029FDF90523}"
EndProject
Project("{2150E333-8FDC-42A3-9474-1A3956D46DE8}") = "Mid Exam 1", "Mid Exam 1", "{97B291B5-388A-430A-AC01-301E61A16AAE}"
EndProject
Project("{2150E333-8FDC-42A3-9474-1A3956D46DE8}") = "Mid Exam 2", "Mid Exam 2", "{2DDBE19A-3052-40B1-8180-D230DA6BD980}"
EndProject
Project("{2150E333-8FDC-42A3-9474-1A3956D46DE8}") = "Mid Exam 3", "Mid Exam 3", "{1026ADAE-0A9B-4731-9E4E-083A83040F4C}"
EndProject
Project("{2150E333-8FDC-42A3-9474-1A3956D46DE8}") = "Mid Exam 4", "Mid Exam 4", "{88707D00-5FE1-4E34-8D9B-B9EF16CCCADA}"
EndProject
Project("{2150E333-8FDC-42A3-9474-1A3956D46DE8}") = "Mid Exam 5", "Mid Exam 5", "{236D01E0-CE8E-41AC-8EAF-BDA248B22DB5}"
EndProject
Project("{2150E333-8FDC-42A3-9474-1A3956D46DE8}") = "Mid Exam 6", "Mid Exam 6", "{8558377A-2613-4B8F-875D-6E687D77850F}"
EndProject
Project("{FAE04EC0-301F-11D3-BF4B-00C04F79EFBC}") = "01. SoftUni Reception", "SoftUni Reception\01. SoftUni Reception.csproj", "{B2E193A5-82D1-49F5-9E4E-55C180FFA039}"
EndProject
Project("{FAE04EC0-301F-11D3-BF4B-00C04F79EFBC}") = "01. Counter-Strike", "01. Counter-Strike\01. Counter-Strike.csproj", "{D8791F6A-2BC7-446D-BD0A-131FBB24690B}"
EndProject
Project("{FAE04EC0-301F-11D3-BF4B-00C04F79EFBC}") = "01. Bonus Scoring System", "01. Bonus Socring Ssytem\01. Bonus Scoring System.csproj", "{C73896E0-3B11-45FD-9533-36DE845D0A5A}"
EndProject
Global
	GlobalSection(SolutionConfigurationPlatforms) = preSolution
		Debug|Any CPU = Debug|Any CPU
		Release|Any CPU = Release|Any CPU
	EndGlobalSection
	GlobalSection(ProjectConfigurationPlatforms) = postSolution
		{0326520B-CB20-48D1-856D-5ECE4A3CD20A}.Debug|Any CPU.ActiveCfg = Debug|Any CPU
		{0326520B-CB20-48D1-856D-5ECE4A3CD20A}.Debug|Any CPU.Build.0 = Debug|Any CPU
		{0326520B-CB20-48D1-856D-5ECE4A3CD20A}.Release|Any CPU.ActiveCfg = Release|Any CPU
		{0326520B-CB20-48D1-856D-5ECE4A3CD20A}.Release|Any CPU.Build.0 = Release|Any CPU
		{65288720-1BD9-4E8E-8AC0-C2AA89CC26EF}.Debug|Any CPU.ActiveCfg = Debug|Any CPU
		{65288720-1BD9-4E8E-8AC0-C2AA89CC26EF}.Debug|Any CPU.Build.0 = Debug|Any CPU
		{65288720-1BD9-4E8E-8AC0-C2AA89CC26EF}.Release|Any CPU.ActiveCfg = Release|Any CPU
		{65288720-1BD9-4E8E-8AC0-C2AA89CC26EF}.Release|Any CPU.Build.0 = Release|Any CPU
		{9890E0BC-06A6-4A42-9AF5-1823EA5C4241}.Debug|Any CPU.ActiveCfg = Debug|Any CPU
		{9890E0BC-06A6-4A42-9AF5-1823EA5C4241}.Debug|Any CPU.Build.0 = Debug|Any CPU
		{9890E0BC-06A6-4A42-9AF5-1823EA5C4241}.Release|Any CPU.ActiveCfg = Release|Any CPU
		{9890E0BC-06A6-4A42-9AF5-1823EA5C4241}.Release|Any CPU.Build.0 = Release|Any CPU
		{47B98617-63B9-45F7-87AB-D550F4E867AE}.Debug|Any CPU.ActiveCfg = Debug|Any CPU
		{47B98617-63B9-45F7-87AB-D550F4E867AE}.Debug|Any CPU.Build.0 = Debug|Any CPU
		{47B98617-63B9-45F7-87AB-D550F4E867AE}.Release|Any CPU.ActiveCfg = Release|Any CPU
		{47B98617-63B9-45F7-87AB-D550F4E867AE}.Release|Any CPU.Build.0 = Release|Any CPU
		{82C7C258-F3E8-4AD4-B144-FAA31BBA8259}.Debug|Any CPU.ActiveCfg = Debug|Any CPU
		{82C7C258-F3E8-4AD4-B144-FAA31BBA8259}.Debug|Any CPU.Build.0 = Debug|Any CPU
		{82C7C258-F3E8-4AD4-B144-FAA31BBA8259}.Release|Any CPU.ActiveCfg = Release|Any CPU
		{82C7C258-F3E8-4AD4-B144-FAA31BBA8259}.Release|Any CPU.Build.0 = Release|Any CPU
		{2CF484B5-2F4B-40D9-9BD0-E57212606764}.Debug|Any CPU.ActiveCfg = Debug|Any CPU
		{2CF484B5-2F4B-40D9-9BD0-E57212606764}.Debug|Any CPU.Build.0 = Debug|Any CPU
		{2CF484B5-2F4B-40D9-9BD0-E57212606764}.Release|Any CPU.ActiveCfg = Release|Any CPU
		{2CF484B5-2F4B-40D9-9BD0-E57212606764}.Release|Any CPU.Build.0 = Release|Any CPU
		{3D5A3B56-8109-4A53-8BDB-D3884741A46E}.Debug|Any CPU.ActiveCfg = Debug|Any CPU
		{3D5A3B56-8109-4A53-8BDB-D3884741A46E}.Debug|Any CPU.Build.0 = Debug|Any CPU
		{3D5A3B56-8109-4A53-8BDB-D3884741A46E}.Release|Any CPU.ActiveCfg = Release|Any CPU
		{3D5A3B56-8109-4A53-8BDB-D3884741A46E}.Release|Any CPU.Build.0 = Release|Any CPU
		{2A696293-11FA-4360-B998-E51A97EC18A7}.Debug|Any CPU.ActiveCfg = Debug|Any CPU
		{2A696293-11FA-4360-B998-E51A97EC18A7}.Debug|Any CPU.Build.0 = Debug|Any CPU
		{2A696293-11FA-4360-B998-E51A97EC18A7}.Release|Any CPU.ActiveCfg = Release|Any CPU
		{2A696293-11FA-4360-B998-E51A97EC18A7}.Release|Any CPU.Build.0 = Release|Any CPU
		{ED3867FF-C62D-4896-9F00-93F5B1F43149}.Debug|Any CPU.ActiveCfg = Debug|Any CPU
		{ED3867FF-C62D-4896-9F00-93F5B1F43149}.Debug|Any CPU.Build.0 = Debug|Any CPU
		{ED3867FF-C62D-4896-9F00-93F5B1F43149}.Release|Any CPU.ActiveCfg = Release|Any CPU
		{ED3867FF-C62D-4896-9F00-93F5B1F43149}.Release|Any CPU.Build.0 = Release|Any CPU
		{B5D79DCC-59D7-4BCC-90C8-94556EB43040}.Debug|Any CPU.ActiveCfg = Debug|Any CPU
		{B5D79DCC-59D7-4BCC-90C8-94556EB43040}.Debug|Any CPU.Build.0 = Debug|Any CPU
		{B5D79DCC-59D7-4BCC-90C8-94556EB43040}.Release|Any CPU.ActiveCfg = Release|Any CPU
		{B5D79DCC-59D7-4BCC-90C8-94556EB43040}.Release|Any CPU.Build.0 = Release|Any CPU
		{896B7BC3-F50D-408E-9E55-5ED554F474B6}.Debug|Any CPU.ActiveCfg = Debug|Any CPU
		{896B7BC3-F50D-408E-9E55-5ED554F474B6}.Debug|Any CPU.Build.0 = Debug|Any CPU
		{896B7BC3-F50D-408E-9E55-5ED554F474B6}.Release|Any CPU.ActiveCfg = Release|Any CPU
		{896B7BC3-F50D-408E-9E55-5ED554F474B6}.Release|Any CPU.Build.0 = Release|Any CPU
		{38D6836C-01C6-4988-A2C0-E09A8129A982}.Debug|Any CPU.ActiveCfg = Debug|Any CPU
		{38D6836C-01C6-4988-A2C0-E09A8129A982}.Debug|Any CPU.Build.0 = Debug|Any CPU
		{38D6836C-01C6-4988-A2C0-E09A8129A982}.Release|Any CPU.ActiveCfg = Release|Any CPU
		{38D6836C-01C6-4988-A2C0-E09A8129A982}.Release|Any CPU.Build.0 = Release|Any CPU
		{B1D7CBE2-6E08-4B72-9AE5-E54295F8C464}.Debug|Any CPU.ActiveCfg = Debug|Any CPU
		{B1D7CBE2-6E08-4B72-9AE5-E54295F8C464}.Debug|Any CPU.Build.0 = Debug|Any CPU
		{B1D7CBE2-6E08-4B72-9AE5-E54295F8C464}.Release|Any CPU.ActiveCfg = Release|Any CPU
		{B1D7CBE2-6E08-4B72-9AE5-E54295F8C464}.Release|Any CPU.Build.0 = Release|Any CPU
		{8670FFBB-5DA5-4FA7-9C05-F029FDF90523}.Debug|Any CPU.ActiveCfg = Debug|Any CPU
		{8670FFBB-5DA5-4FA7-9C05-F029FDF90523}.Debug|Any CPU.Build.0 = Debug|Any CPU
		{8670FFBB-5DA5-4FA7-9C05-F029FDF90523}.Release|Any CPU.ActiveCfg = Release|Any CPU
		{8670FFBB-5DA5-4FA7-9C05-F029FDF90523}.Release|Any CPU.Build.0 = Release|Any CPU
		{B2E193A5-82D1-49F5-9E4E-55C180FFA039}.Debug|Any CPU.ActiveCfg = Debug|Any CPU
		{B2E193A5-82D1-49F5-9E4E-55C180FFA039}.Debug|Any CPU.Build.0 = Debug|Any CPU
		{B2E193A5-82D1-49F5-9E4E-55C180FFA039}.Release|Any CPU.ActiveCfg = Release|Any CPU
		{B2E193A5-82D1-49F5-9E4E-55C180FFA039}.Release|Any CPU.Build.0 = Release|Any CPU
		{D8791F6A-2BC7-446D-BD0A-131FBB24690B}.Debug|Any CPU.ActiveCfg = Debug|Any CPU
		{D8791F6A-2BC7-446D-BD0A-131FBB24690B}.Debug|Any CPU.Build.0 = Debug|Any CPU
		{D8791F6A-2BC7-446D-BD0A-131FBB24690B}.Release|Any CPU.ActiveCfg = Release|Any CPU
		{D8791F6A-2BC7-446D-BD0A-131FBB24690B}.Release|Any CPU.Build.0 = Release|Any CPU
		{C73896E0-3B11-45FD-9533-36DE845D0A5A}.Debug|Any CPU.ActiveCfg = Debug|Any CPU
		{C73896E0-3B11-45FD-9533-36DE845D0A5A}.Debug|Any CPU.Build.0 = Debug|Any CPU
		{C73896E0-3B11-45FD-9533-36DE845D0A5A}.Release|Any CPU.ActiveCfg = Release|Any CPU
		{C73896E0-3B11-45FD-9533-36DE845D0A5A}.Release|Any CPU.Build.0 = Release|Any CPU
	EndGlobalSection
	GlobalSection(SolutionProperties) = preSolution
		HideSolutionNode = FALSE
	EndGlobalSection
	GlobalSection(NestedProjects) = preSolution
		{0326520B-CB20-48D1-856D-5ECE4A3CD20A} = {97B291B5-388A-430A-AC01-301E61A16AAE}
		{65288720-1BD9-4E8E-8AC0-C2AA89CC26EF} = {1026ADAE-0A9B-4731-9E4E-083A83040F4C}
		{9890E0BC-06A6-4A42-9AF5-1823EA5C4241} = {97B291B5-388A-430A-AC01-301E61A16AAE}
		{47B98617-63B9-45F7-87AB-D550F4E867AE} = {97B291B5-388A-430A-AC01-301E61A16AAE}
		{82C7C258-F3E8-4AD4-B144-FAA31BBA8259} = {8558377A-2613-4B8F-875D-6E687D77850F}
		{2CF484B5-2F4B-40D9-9BD0-E57212606764} = {236D01E0-CE8E-41AC-8EAF-BDA248B22DB5}
		{3D5A3B56-8109-4A53-8BDB-D3884741A46E} = {236D01E0-CE8E-41AC-8EAF-BDA248B22DB5}
		{2A696293-11FA-4360-B998-E51A97EC18A7} = {1026ADAE-0A9B-4731-9E4E-083A83040F4C}
		{ED3867FF-C62D-4896-9F00-93F5B1F43149} = {88707D00-5FE1-4E34-8D9B-B9EF16CCCADA}
		{B5D79DCC-59D7-4BCC-90C8-94556EB43040} = {88707D00-5FE1-4E34-8D9B-B9EF16CCCADA}
		{896B7BC3-F50D-408E-9E55-5ED554F474B6} = {88707D00-5FE1-4E34-8D9B-B9EF16CCCADA}
		{38D6836C-01C6-4988-A2C0-E09A8129A982} = {2DDBE19A-3052-40B1-8180-D230DA6BD980}
		{B1D7CBE2-6E08-4B72-9AE5-E54295F8C464} = {2DDBE19A-3052-40B1-8180-D230DA6BD980}
		{8670FFBB-5DA5-4FA7-9C05-F029FDF90523} = {8558377A-2613-4B8F-875D-6E687D77850F}
		{B2E193A5-82D1-49F5-9E4E-55C180FFA039} = {2DDBE19A-3052-40B1-8180-D230DA6BD980}
		{D8791F6A-2BC7-446D-BD0A-131FBB24690B} = {1026ADAE-0A9B-4731-9E4E-083A83040F4C}
		{C73896E0-3B11-45FD-9533-36DE845D0A5A} = {236D01E0-CE8E-41AC-8EAF-BDA248B22DB5}
	EndGlobalSection
	GlobalSection(ExtensibilityGlobals) = postSolution
		SolutionGuid = {DA31D352-D166-466E-A6A3-E5C83D00B7C7}
	EndGlobalSection
EndGlobal
