
Microsoft Visual Studio Solution File, Format Version 12.00
# Visual Studio Version 17
VisualStudioVersion = 17.2.32630.192
MinimumVisualStudioVersion = 10.0.40219.1
Project("{FAE04EC0-301F-11D3-BF4B-00C04F79EFBC}") = "Final Exam", "Final Exam\Final Exam.csproj", "{B055F602-6F1A-453B-94F3-EA4C36EBF735}"
EndProject
Global
	GlobalSection(SolutionConfigurationPlatforms) = preSolution
		Debug|Any CPU = Debug|Any CPU
		Release|Any CPU = Release|Any CPU
	EndGlobalSection
	GlobalSection(ProjectConfigurationPlatforms) = postSolution
		{B055F602-6F1A-453B-94F3-EA4C36EBF735}.Debug|Any CPU.ActiveCfg = Debug|Any CPU
		{B055F602-6F1A-453B-94F3-EA4C36EBF735}.Debug|Any CPU.Build.0 = Debug|Any CPU
		{B055F602-6F1A-453B-94F3-EA4C36EBF735}.Release|Any CPU.ActiveCfg = Release|Any CPU
		{B055F602-6F1A-453B-94F3-EA4C36EBF735}.Release|Any CPU.Build.0 = Release|Any CPU
	EndGlobalSection
	GlobalSection(SolutionProperties) = preSolution
		HideSolutionNode = FALSE
	EndGlobalSection
	GlobalSection(ExtensibilityGlobals) = postSolution
		SolutionGuid = {E8CAF9C0-3BC3-40F6-978E-F14CB090197B}
	EndGlobalSection
EndGlobal
