
Microsoft Visual Studio Solution File, Format Version 12.00
# Visual Studio Version 17
VisualStudioVersion = 17.2.32630.192
MinimumVisualStudioVersion = 10.0.40219.1
Project("{9A19103F-16F7-4668-BE54-9A1E7A4F7556}") = "Demo", "Multidimensional Arrays\Demo.csproj", "{C78A9753-3D59-4C6E-BE03-2FA8CED6C235}"
EndProject
Project("{9A19103F-16F7-4668-BE54-9A1E7A4F7556}") = "01. Sum Matrix Elements", "01. Sum Matrix Elements\01. Sum Matrix Elements.csproj", "{B8D03581-B1D6-4214-9D54-2C1D0A82E868}"
EndProject
Project("{2150E333-8FDC-42A3-9474-1A3956D46DE8}") = "01. Lab", "01. Lab", "{FA6E8135-ED8E-4C2B-BDDB-B5CB9FCE1350}"
EndProject
Project("{9A19103F-16F7-4668-BE54-9A1E7A4F7556}") = "02. Sum Matrix Columns", "02. Sum Matrix Columns\02. Sum Matrix Columns.csproj", "{DA73B7BD-6010-42F5-AA79-3D6283ADADB1}"
EndProject
Project("{9A19103F-16F7-4668-BE54-9A1E7A4F7556}") = "03. Primary Diagonal", "03. Primary Diagonal\03. Primary Diagonal.csproj", "{D6B63F1D-206E-4DE1-895F-81FC301EFED6}"
EndProject
Project("{9A19103F-16F7-4668-BE54-9A1E7A4F7556}") = "05. Square with Maximum Sum", "05. Square with Maximum Sum\05. Square with Maximum Sum.csproj", "{4EA09446-C3F6-45FA-B9E8-CF1340682715}"
EndProject
Project("{9A19103F-16F7-4668-BE54-9A1E7A4F7556}") = "06. Jagged Array Modification", "06. Jagged Array Modification\06. Jagged Array Modification.csproj", "{C1949E2B-7EF6-487F-BEE0-5FA5DDCC8320}"
EndProject
Project("{9A19103F-16F7-4668-BE54-9A1E7A4F7556}") = "04. Symbol in Matrix", "04. Symbol in Matrix\04. Symbol in Matrix.csproj", "{63F4F28F-D45C-42C9-BB82-12554C76323A}"
EndProject
Project("{9A19103F-16F7-4668-BE54-9A1E7A4F7556}") = "07. Pascal Triangle", "07. Pascal Triangle\07. Pascal Triangle.csproj", "{FE21EBE8-1B34-494A-8B2F-BF15EEEAE413}"
EndProject
Project("{2150E333-8FDC-42A3-9474-1A3956D46DE8}") = "02. Exercise", "02. Exercise", "{6A9F82A0-8C36-47E5-B79C-49E08B10B7F0}"
EndProject
Project("{9A19103F-16F7-4668-BE54-9A1E7A4F7556}") = "01. Diagonal Difference", "01. Diagonal Difference\01. Diagonal Difference.csproj", "{9F1876B8-3A7F-41BB-A6EB-4280B37A8665}"
EndProject
Project("{9A19103F-16F7-4668-BE54-9A1E7A4F7556}") = "02. Squares in Matrix", "02. Squares in Matrix\02. Squares in Matrix.csproj", "{211FEF30-7C60-402E-9AF8-0445B4CFB556}"
EndProject
Project("{9A19103F-16F7-4668-BE54-9A1E7A4F7556}") = "03. Maximal Sum", "03. Maximal Sum\03. Maximal Sum.csproj", "{893922EF-788D-4225-97AF-5EF86989446C}"
EndProject
Global
	GlobalSection(SolutionConfigurationPlatforms) = preSolution
		Debug|Any CPU = Debug|Any CPU
		Release|Any CPU = Release|Any CPU
	EndGlobalSection
	GlobalSection(ProjectConfigurationPlatforms) = postSolution
		{C78A9753-3D59-4C6E-BE03-2FA8CED6C235}.Debug|Any CPU.ActiveCfg = Debug|Any CPU
		{C78A9753-3D59-4C6E-BE03-2FA8CED6C235}.Debug|Any CPU.Build.0 = Debug|Any CPU
		{C78A9753-3D59-4C6E-BE03-2FA8CED6C235}.Release|Any CPU.ActiveCfg = Release|Any CPU
		{C78A9753-3D59-4C6E-BE03-2FA8CED6C235}.Release|Any CPU.Build.0 = Release|Any CPU
		{B8D03581-B1D6-4214-9D54-2C1D0A82E868}.Debug|Any CPU.ActiveCfg = Debug|Any CPU
		{B8D03581-B1D6-4214-9D54-2C1D0A82E868}.Debug|Any CPU.Build.0 = Debug|Any CPU
		{B8D03581-B1D6-4214-9D54-2C1D0A82E868}.Release|Any CPU.ActiveCfg = Release|Any CPU
		{B8D03581-B1D6-4214-9D54-2C1D0A82E868}.Release|Any CPU.Build.0 = Release|Any CPU
		{DA73B7BD-6010-42F5-AA79-3D6283ADADB1}.Debug|Any CPU.ActiveCfg = Debug|Any CPU
		{DA73B7BD-6010-42F5-AA79-3D6283ADADB1}.Debug|Any CPU.Build.0 = Debug|Any CPU
		{DA73B7BD-6010-42F5-AA79-3D6283ADADB1}.Release|Any CPU.ActiveCfg = Release|Any CPU
		{DA73B7BD-6010-42F5-AA79-3D6283ADADB1}.Release|Any CPU.Build.0 = Release|Any CPU
		{D6B63F1D-206E-4DE1-895F-81FC301EFED6}.Debug|Any CPU.ActiveCfg = Debug|Any CPU
		{D6B63F1D-206E-4DE1-895F-81FC301EFED6}.Debug|Any CPU.Build.0 = Debug|Any CPU
		{D6B63F1D-206E-4DE1-895F-81FC301EFED6}.Release|Any CPU.ActiveCfg = Release|Any CPU
		{D6B63F1D-206E-4DE1-895F-81FC301EFED6}.Release|Any CPU.Build.0 = Release|Any CPU
		{4EA09446-C3F6-45FA-B9E8-CF1340682715}.Debug|Any CPU.ActiveCfg = Debug|Any CPU
		{4EA09446-C3F6-45FA-B9E8-CF1340682715}.Debug|Any CPU.Build.0 = Debug|Any CPU
		{4EA09446-C3F6-45FA-B9E8-CF1340682715}.Release|Any CPU.ActiveCfg = Release|Any CPU
		{4EA09446-C3F6-45FA-B9E8-CF1340682715}.Release|Any CPU.Build.0 = Release|Any CPU
		{C1949E2B-7EF6-487F-BEE0-5FA5DDCC8320}.Debug|Any CPU.ActiveCfg = Debug|Any CPU
		{C1949E2B-7EF6-487F-BEE0-5FA5DDCC8320}.Debug|Any CPU.Build.0 = Debug|Any CPU
		{C1949E2B-7EF6-487F-BEE0-5FA5DDCC8320}.Release|Any CPU.ActiveCfg = Release|Any CPU
		{C1949E2B-7EF6-487F-BEE0-5FA5DDCC8320}.Release|Any CPU.Build.0 = Release|Any CPU
		{63F4F28F-D45C-42C9-BB82-12554C76323A}.Debug|Any CPU.ActiveCfg = Debug|Any CPU
		{63F4F28F-D45C-42C9-BB82-12554C76323A}.Debug|Any CPU.Build.0 = Debug|Any CPU
		{63F4F28F-D45C-42C9-BB82-12554C76323A}.Release|Any CPU.ActiveCfg = Release|Any CPU
		{63F4F28F-D45C-42C9-BB82-12554C76323A}.Release|Any CPU.Build.0 = Release|Any CPU
		{FE21EBE8-1B34-494A-8B2F-BF15EEEAE413}.Debug|Any CPU.ActiveCfg = Debug|Any CPU
		{FE21EBE8-1B34-494A-8B2F-BF15EEEAE413}.Debug|Any CPU.Build.0 = Debug|Any CPU
		{FE21EBE8-1B34-494A-8B2F-BF15EEEAE413}.Release|Any CPU.ActiveCfg = Release|Any CPU
		{FE21EBE8-1B34-494A-8B2F-BF15EEEAE413}.Release|Any CPU.Build.0 = Release|Any CPU
		{9F1876B8-3A7F-41BB-A6EB-4280B37A8665}.Debug|Any CPU.ActiveCfg = Debug|Any CPU
		{9F1876B8-3A7F-41BB-A6EB-4280B37A8665}.Debug|Any CPU.Build.0 = Debug|Any CPU
		{9F1876B8-3A7F-41BB-A6EB-4280B37A8665}.Release|Any CPU.ActiveCfg = Release|Any CPU
		{9F1876B8-3A7F-41BB-A6EB-4280B37A8665}.Release|Any CPU.Build.0 = Release|Any CPU
		{211FEF30-7C60-402E-9AF8-0445B4CFB556}.Debug|Any CPU.ActiveCfg = Debug|Any CPU
		{211FEF30-7C60-402E-9AF8-0445B4CFB556}.Debug|Any CPU.Build.0 = Debug|Any CPU
		{211FEF30-7C60-402E-9AF8-0445B4CFB556}.Release|Any CPU.ActiveCfg = Release|Any CPU
		{211FEF30-7C60-402E-9AF8-0445B4CFB556}.Release|Any CPU.Build.0 = Release|Any CPU
		{893922EF-788D-4225-97AF-5EF86989446C}.Debug|Any CPU.ActiveCfg = Debug|Any CPU
		{893922EF-788D-4225-97AF-5EF86989446C}.Debug|Any CPU.Build.0 = Debug|Any CPU
		{893922EF-788D-4225-97AF-5EF86989446C}.Release|Any CPU.ActiveCfg = Release|Any CPU
		{893922EF-788D-4225-97AF-5EF86989446C}.Release|Any CPU.Build.0 = Release|Any CPU
	EndGlobalSection
	GlobalSection(SolutionProperties) = preSolution
		HideSolutionNode = FALSE
	EndGlobalSection
	GlobalSection(NestedProjects) = preSolution
		{C78A9753-3D59-4C6E-BE03-2FA8CED6C235} = {FA6E8135-ED8E-4C2B-BDDB-B5CB9FCE1350}
		{B8D03581-B1D6-4214-9D54-2C1D0A82E868} = {FA6E8135-ED8E-4C2B-BDDB-B5CB9FCE1350}
		{DA73B7BD-6010-42F5-AA79-3D6283ADADB1} = {FA6E8135-ED8E-4C2B-BDDB-B5CB9FCE1350}
		{D6B63F1D-206E-4DE1-895F-81FC301EFED6} = {FA6E8135-ED8E-4C2B-BDDB-B5CB9FCE1350}
		{4EA09446-C3F6-45FA-B9E8-CF1340682715} = {FA6E8135-ED8E-4C2B-BDDB-B5CB9FCE1350}
		{C1949E2B-7EF6-487F-BEE0-5FA5DDCC8320} = {FA6E8135-ED8E-4C2B-BDDB-B5CB9FCE1350}
		{63F4F28F-D45C-42C9-BB82-12554C76323A} = {FA6E8135-ED8E-4C2B-BDDB-B5CB9FCE1350}
		{FE21EBE8-1B34-494A-8B2F-BF15EEEAE413} = {FA6E8135-ED8E-4C2B-BDDB-B5CB9FCE1350}
		{9F1876B8-3A7F-41BB-A6EB-4280B37A8665} = {6A9F82A0-8C36-47E5-B79C-49E08B10B7F0}
		{211FEF30-7C60-402E-9AF8-0445B4CFB556} = {6A9F82A0-8C36-47E5-B79C-49E08B10B7F0}
		{893922EF-788D-4225-97AF-5EF86989446C} = {6A9F82A0-8C36-47E5-B79C-49E08B10B7F0}
	EndGlobalSection
	GlobalSection(ExtensibilityGlobals) = postSolution
		SolutionGuid = {7BF5FF26-2042-421D-A184-158A4A9B73E3}
	EndGlobalSection
EndGlobal
