
Microsoft Visual Studio Solution File, Format Version 12.00
# Visual Studio Version 17
VisualStudioVersion = 17.2.32630.192
MinimumVisualStudioVersion = 10.0.40219.1
Project("{FAE04EC0-301F-11D3-BF4B-00C04F79EFBC}") = "Stacks and Queues Lab", "Stacks and Queues Lab\Stacks and Queues Lab.csproj", "{A6D6B56D-8595-40DB-8E89-E54EAD2F26AB}"
EndProject
Global
	GlobalSection(SolutionConfigurationPlatforms) = preSolution
		Debug|Any CPU = Debug|Any CPU
		Release|Any CPU = Release|Any CPU
	EndGlobalSection
	GlobalSection(ProjectConfigurationPlatforms) = postSolution
		{A6D6B56D-8595-40DB-8E89-E54EAD2F26AB}.Debug|Any CPU.ActiveCfg = Debug|Any CPU
		{A6D6B56D-8595-40DB-8E89-E54EAD2F26AB}.Debug|Any CPU.Build.0 = Debug|Any CPU
		{A6D6B56D-8595-40DB-8E89-E54EAD2F26AB}.Release|Any CPU.ActiveCfg = Release|Any CPU
		{A6D6B56D-8595-40DB-8E89-E54EAD2F26AB}.Release|Any CPU.Build.0 = Release|Any CPU
	EndGlobalSection
	GlobalSection(SolutionProperties) = preSolution
		HideSolutionNode = FALSE
	EndGlobalSection
	GlobalSection(ExtensibilityGlobals) = postSolution
		SolutionGuid = {FD1A8285-4D39-4E37-A9EA-A1627EDC3E19}
	EndGlobalSection
EndGlobal
