
Microsoft Visual Studio Solution File, Format Version 12.00
# Visual Studio Version 17
VisualStudioVersion = 17.2.32630.192
MinimumVisualStudioVersion = 10.0.40219.1
Project("{FAE04EC0-301F-11D3-BF4B-00C04F79EFBC}") = "Multidimensional Arrays Exercise", "Multidimensional Arrays Exercise\Multidimensional Arrays Exercise.csproj", "{D6CA090C-F4C6-471F-AA3A-AC9EE0E83395}"
EndProject
Global
	GlobalSection(SolutionConfigurationPlatforms) = preSolution
		Debug|Any CPU = Debug|Any CPU
		Release|Any CPU = Release|Any CPU
	EndGlobalSection
	GlobalSection(ProjectConfigurationPlatforms) = postSolution
		{D6CA090C-F4C6-471F-AA3A-AC9EE0E83395}.Debug|Any CPU.ActiveCfg = Debug|Any CPU
		{D6CA090C-F4C6-471F-AA3A-AC9EE0E83395}.Debug|Any CPU.Build.0 = Debug|Any CPU
		{D6CA090C-F4C6-471F-AA3A-AC9EE0E83395}.Release|Any CPU.ActiveCfg = Release|Any CPU
		{D6CA090C-F4C6-471F-AA3A-AC9EE0E83395}.Release|Any CPU.Build.0 = Release|Any CPU
	EndGlobalSection
	GlobalSection(SolutionProperties) = preSolution
		HideSolutionNode = FALSE
	EndGlobalSection
	GlobalSection(ExtensibilityGlobals) = postSolution
		SolutionGuid = {700361A3-55EB-4E8D-BF9D-D5DCBA185589}
	EndGlobalSection
EndGlobal
