
Microsoft Visual Studio Solution File, Format Version 12.00
# Visual Studio Version 17
VisualStudioVersion = 17.2.32630.192
MinimumVisualStudioVersion = 10.0.40219.1
Project("{FAE04EC0-301F-11D3-BF4B-00C04F79EFBC}") = "Advanced Exam - 13 April 2022", "Advanced Exam - 13 April 2022\Advanced Exam - 13 April 2022.csproj", "{07DFAE81-C024-45D8-87F3-31132A5C293C}"
EndProject
Global
	GlobalSection(SolutionConfigurationPlatforms) = preSolution
		Debug|Any CPU = Debug|Any CPU
		Release|Any CPU = Release|Any CPU
	EndGlobalSection
	GlobalSection(ProjectConfigurationPlatforms) = postSolution
		{07DFAE81-C024-45D8-87F3-31132A5C293C}.Debug|Any CPU.ActiveCfg = Debug|Any CPU
		{07DFAE81-C024-45D8-87F3-31132A5C293C}.Debug|Any CPU.Build.0 = Debug|Any CPU
		{07DFAE81-C024-45D8-87F3-31132A5C293C}.Release|Any CPU.ActiveCfg = Release|Any CPU
		{07DFAE81-C024-45D8-87F3-31132A5C293C}.Release|Any CPU.Build.0 = Release|Any CPU
	EndGlobalSection
	GlobalSection(SolutionProperties) = preSolution
		HideSolutionNode = FALSE
	EndGlobalSection
	GlobalSection(ExtensibilityGlobals) = postSolution
		SolutionGuid = {5B87694D-4C16-4267-86C9-0E4D9794AF48}
	EndGlobalSection
EndGlobal
