
Microsoft Visual Studio Solution File, Format Version 12.00
# Visual Studio Version 17
VisualStudioVersion = 17.2.32630.192
MinimumVisualStudioVersion = 10.0.40219.1
Project("{9A19103F-16F7-4668-BE54-9A1E7A4F7556}") = "SoftUniParking", "..\..\..\..\..\..\AppData\Local\Temp\Temp1_10. SoftUni Parking_Skeleton_6.0.zip\SoftUniParking.csproj", "{8262E525-43C9-48F2-9E69-31DAEB6FC1BA}"
EndProject
Global
	GlobalSection(SolutionConfigurationPlatforms) = preSolution
		Debug|Any CPU = Debug|Any CPU
		Release|Any CPU = Release|Any CPU
	EndGlobalSection
	GlobalSection(ProjectConfigurationPlatforms) = postSolution
		{8262E525-43C9-48F2-9E69-31DAEB6FC1BA}.Debug|Any CPU.ActiveCfg = Debug|Any CPU
		{8262E525-43C9-48F2-9E69-31DAEB6FC1BA}.Debug|Any CPU.Build.0 = Debug|Any CPU
		{8262E525-43C9-48F2-9E69-31DAEB6FC1BA}.Release|Any CPU.ActiveCfg = Release|Any CPU
		{8262E525-43C9-48F2-9E69-31DAEB6FC1BA}.Release|Any CPU.Build.0 = Release|Any CPU
	EndGlobalSection
	GlobalSection(SolutionProperties) = preSolution
		HideSolutionNode = FALSE
	EndGlobalSection
	GlobalSection(ExtensibilityGlobals) = postSolution
		SolutionGuid = {502196E3-E4A9-47B9-801A-EE1A612EC468}
	EndGlobalSection
EndGlobal
