
Microsoft Visual Studio Solution File, Format Version 12.00
# Visual Studio Version 17
VisualStudioVersion = 17.2.32630.192
MinimumVisualStudioVersion = 10.0.40219.1
Project("{FAE04EC0-301F-11D3-BF4B-00C04F79EFBC}") = "01. Energy Drinks", "Exam Preparation\01. Energy Drinks.csproj", "{24BCAE60-D750-4DCF-B120-394A115F38E5}"
EndProject
Project("{FAE04EC0-301F-11D3-BF4B-00C04F79EFBC}") = "02. Rally Racing", "02. Rally Racing\02. Rally Racing.csproj", "{AECD9835-ABB3-4F61-9F32-9061E689357C}"
EndProject
Project("{FAE04EC0-301F-11D3-BF4B-00C04F79EFBC}") = "03. Computer Architecture", "03. Computer Architecture\03. Computer Architecture.csproj", "{7C3D46CC-AE12-431A-B4EF-C60BFAD0E733}"
EndProject
Global
	GlobalSection(SolutionConfigurationPlatforms) = preSolution
		Debug|Any CPU = Debug|Any CPU
		Release|Any CPU = Release|Any CPU
	EndGlobalSection
	GlobalSection(ProjectConfigurationPlatforms) = postSolution
		{24BCAE60-D750-4DCF-B120-394A115F38E5}.Debug|Any CPU.ActiveCfg = Debug|Any CPU
		{24BCAE60-D750-4DCF-B120-394A115F38E5}.Debug|Any CPU.Build.0 = Debug|Any CPU
		{24BCAE60-D750-4DCF-B120-394A115F38E5}.Release|Any CPU.ActiveCfg = Release|Any CPU
		{24BCAE60-D750-4DCF-B120-394A115F38E5}.Release|Any CPU.Build.0 = Release|Any CPU
		{AECD9835-ABB3-4F61-9F32-9061E689357C}.Debug|Any CPU.ActiveCfg = Debug|Any CPU
		{AECD9835-ABB3-4F61-9F32-9061E689357C}.Debug|Any CPU.Build.0 = Debug|Any CPU
		{AECD9835-ABB3-4F61-9F32-9061E689357C}.Release|Any CPU.ActiveCfg = Release|Any CPU
		{AECD9835-ABB3-4F61-9F32-9061E689357C}.Release|Any CPU.Build.0 = Release|Any CPU
		{7C3D46CC-AE12-431A-B4EF-C60BFAD0E733}.Debug|Any CPU.ActiveCfg = Debug|Any CPU
		{7C3D46CC-AE12-431A-B4EF-C60BFAD0E733}.Debug|Any CPU.Build.0 = Debug|Any CPU
		{7C3D46CC-AE12-431A-B4EF-C60BFAD0E733}.Release|Any CPU.ActiveCfg = Release|Any CPU
		{7C3D46CC-AE12-431A-B4EF-C60BFAD0E733}.Release|Any CPU.Build.0 = Release|Any CPU
	EndGlobalSection
	GlobalSection(SolutionProperties) = preSolution
		HideSolutionNode = FALSE
	EndGlobalSection
	GlobalSection(ExtensibilityGlobals) = postSolution
		SolutionGuid = {55EA1F8F-9D35-4EEF-A4DE-B5FCBBBEFE79}
	EndGlobalSection
EndGlobal
