
Microsoft Visual Studio Solution File, Format Version 12.00
# Visual Studio Version 17
VisualStudioVersion = 17.2.32630.192
MinimumVisualStudioVersion = 10.0.40219.1
Project("{FAE04EC0-301F-11D3-BF4B-00C04F79EFBC}") = "Polymorphism Exercise", "Polymorphism Exercise\Polymorphism Exercise.csproj", "{68549DD9-951E-4B72-8597-4B9E7DD02883}"
EndProject
Global
	GlobalSection(SolutionConfigurationPlatforms) = preSolution
		Debug|Any CPU = Debug|Any CPU
		Release|Any CPU = Release|Any CPU
	EndGlobalSection
	GlobalSection(ProjectConfigurationPlatforms) = postSolution
		{68549DD9-951E-4B72-8597-4B9E7DD02883}.Debug|Any CPU.ActiveCfg = Debug|Any CPU
		{68549DD9-951E-4B72-8597-4B9E7DD02883}.Debug|Any CPU.Build.0 = Debug|Any CPU
		{68549DD9-951E-4B72-8597-4B9E7DD02883}.Release|Any CPU.ActiveCfg = Release|Any CPU
		{68549DD9-951E-4B72-8597-4B9E7DD02883}.Release|Any CPU.Build.0 = Release|Any CPU
	EndGlobalSection
	GlobalSection(SolutionProperties) = preSolution
		HideSolutionNode = FALSE
	EndGlobalSection
	GlobalSection(ExtensibilityGlobals) = postSolution
		SolutionGuid = {8490A932-E249-4395-B241-1CDE57B315D2}
	EndGlobalSection
EndGlobal
